{
  "pins" : [
    {
      "identity" : "openaiswift",
      "kind" : "remoteSourceControl",
      "location" : "https://github.com/csuttner/OpenAISwift",
      "state" : {
        "revision" : "29129c130dea13ef4adef7ae1c68215dcbf10dcb",
        "version" : "1.0.4"
      }
    }
  ],
  "version" : 2
}
