// !$*UTF8*$!
{
	archiveVersion = 1;
	classes = {
	};
	objectVersion = 56;
	objects = {

/* Begin PBXBuildFile section */
		F30251DC2B7B2B2A0092F27D /* Secrets.swift in Sources */ = {isa = PBXBuildFile; fileRef = F30251DB2B7B2B2A0092F27D /* Secrets.swift */; };
		F307672429F5C32000B93286 /* OpenAI.framework in Frameworks */ = {isa = PBXBuildFile; fileRef = F307671E29F5C32000B93286 /* OpenAI.framework */; };
		F307672529F5C32000B93286 /* OpenAI.framework in Embed Frameworks */ = {isa = PBXBuildFile; fileRef = F307671E29F5C32000B93286 /* OpenAI.framework */; settings = {ATTRIBUTES = (CodeSignOnCopy, RemoveHeadersOnCopy, ); }; };
		F307672B29F5C4AE00B93286 /* ChatMessage.swift in Sources */ = {isa = PBXBuildFile; fileRef = F307672A29F5C4AE00B93286 /* ChatMessage.swift */; };
		F307673929F5C73200B93286 /* ChatMessage.swift in Sources */ = {isa = PBXBuildFile; fileRef = F3257E1F29F59DBE00EC757F /* ChatMessage.swift */; };
		F307673A29F5C73200B93286 /* Role.swift in Sources */ = {isa = PBXBuildFile; fileRef = F3257E2729F59EAF00EC757F /* Role.swift */; };
		F307673B29F5C73200B93286 /* ChatCompletionResponse.swift in Sources */ = {isa = PBXBuildFile; fileRef = F3257E1D29F59DB800EC757F /* ChatCompletionResponse.swift */; };
		F307673C29F5C73200B93286 /* APIError.swift in Sources */ = {isa = PBXBuildFile; fileRef = F3257E2929F5A08000EC757F /* APIError.swift */; };
		F307673D29F5C73200B93286 /* OpenAIChatService.swift in Sources */ = {isa = PBXBuildFile; fileRef = F3257E1829F58E3C00EC757F /* OpenAIChatService.swift */; };
		F307673E29F5C73200B93286 /* ChatCompletionRequest.swift in Sources */ = {isa = PBXBuildFile; fileRef = F3257E1B29F59DAF00EC757F /* ChatCompletionRequest.swift */; };
		F307673F29F5C73200B93286 /* AIModel.swift in Sources */ = {isa = PBXBuildFile; fileRef = F3257E2529F59EA300EC757F /* AIModel.swift */; };
		F307674329F5C7E900B93286 /* MessageSender.swift in Sources */ = {isa = PBXBuildFile; fileRef = F307674229F5C7E900B93286 /* MessageSender.swift */; };
		F3257E0B29F58DB100EC757F /* OmniAIApp.swift in Sources */ = {isa = PBXBuildFile; fileRef = F3257E0A29F58DB100EC757F /* OmniAIApp.swift */; };
		F3257E0D29F58DB100EC757F /* ChatView.swift in Sources */ = {isa = PBXBuildFile; fileRef = F3257E0C29F58DB100EC757F /* ChatView.swift */; };
		F3257E0F29F58DB200EC757F /* Assets.xcassets in Resources */ = {isa = PBXBuildFile; fileRef = F3257E0E29F58DB200EC757F /* Assets.xcassets */; };
		F3257E1229F58DB200EC757F /* Preview Assets.xcassets in Resources */ = {isa = PBXBuildFile; fileRef = F3257E1129F58DB200EC757F /* Preview Assets.xcassets */; };
		F3257E3029F5A56700EC757F /* ChatViewModel.swift in Sources */ = {isa = PBXBuildFile; fileRef = F3257E2F29F5A56700EC757F /* ChatViewModel.swift */; };
		F3257E3229F5A5C500EC757F /* ChatMessageView.swift in Sources */ = {isa = PBXBuildFile; fileRef = F3257E3129F5A5C500EC757F /* ChatMessageView.swift */; };
		F3257E3429F5A7AB00EC757F /* EllipsesLoadingView.swift in Sources */ = {isa = PBXBuildFile; fileRef = F3257E3329F5A7AB00EC757F /* EllipsesLoadingView.swift */; };
		F3257E3629F5B10F00EC757F /* PulsingCircleView.swift in Sources */ = {isa = PBXBuildFile; fileRef = F3257E3529F5B10F00EC757F /* PulsingCircleView.swift */; };
		F356360029F5DB640099CC30 /* Constants.swift in Sources */ = {isa = PBXBuildFile; fileRef = F35635FF29F5DB640099CC30 /* Constants.swift */; };
		F356360229F5DBCE0099CC30 /* Mock.swift in Sources */ = {isa = PBXBuildFile; fileRef = F356360129F5DBCE0099CC30 /* Mock.swift */; };
		F3711FED2B77DFF90096A084 /* MaskedCornerShape.swift in Sources */ = {isa = PBXBuildFile; fileRef = F3711FEC2B77DFF90096A084 /* MaskedCornerShape.swift */; };
		F3711FEF2B77E6AB0096A084 /* ErrorItem.swift in Sources */ = {isa = PBXBuildFile; fileRef = F3711FEE2B77E6AB0096A084 /* ErrorItem.swift */; };
		F3711FF12B77F0330096A084 /* ChatCompletionChunk.swift in Sources */ = {isa = PBXBuildFile; fileRef = F3711FF02B77F0330096A084 /* ChatCompletionChunk.swift */; };
		F3711FF32B77F1770096A084 /* ChatCompletionChoice.swift in Sources */ = {isa = PBXBuildFile; fileRef = F3711FF22B77F1770096A084 /* ChatCompletionChoice.swift */; };
		F3711FF52B77F89E0096A084 /* HTTPHeader.swift in Sources */ = {isa = PBXBuildFile; fileRef = F3711FF42B77F89E0096A084 /* HTTPHeader.swift */; };
		F3711FF72B77F8B20096A084 /* HTTPMethod.swift in Sources */ = {isa = PBXBuildFile; fileRef = F3711FF62B77F8B20096A084 /* HTTPMethod.swift */; };
		F3711FFA2B7802CA0096A084 /* JSONEncoder+Shared.swift in Sources */ = {isa = PBXBuildFile; fileRef = F3711FF92B7802CA0096A084 /* JSONEncoder+Shared.swift */; };
		F3711FFC2B7802D40096A084 /* JSONDecoder+Shared.swift in Sources */ = {isa = PBXBuildFile; fileRef = F3711FFB2B7802D40096A084 /* JSONDecoder+Shared.swift */; };
		F3711FFE2B7809110096A084 /* APIErrorResponse.swift in Sources */ = {isa = PBXBuildFile; fileRef = F3711FFD2B7809110096A084 /* APIErrorResponse.swift */; };
		F37120042B7829120096A084 /* KeyboardDismissableScrollView.swift in Sources */ = {isa = PBXBuildFile; fileRef = F37120032B7829120096A084 /* KeyboardDismissableScrollView.swift */; };
		F37120082B7833F70096A084 /* ChatScrollView.swift in Sources */ = {isa = PBXBuildFile; fileRef = F37120072B7833F70096A084 /* ChatScrollView.swift */; };
		F380E6382B784B7E007456D3 /* ChatService.swift in Sources */ = {isa = PBXBuildFile; fileRef = F380E6372B784B7E007456D3 /* ChatService.swift */; };
		F380E63A2B784BD8007456D3 /* ServiceRouter.swift in Sources */ = {isa = PBXBuildFile; fileRef = F380E6392B784BD8007456D3 /* ServiceRouter.swift */; };
		F380E63C2B784C86007456D3 /* Fetchable.swift in Sources */ = {isa = PBXBuildFile; fileRef = F380E63B2B784C86007456D3 /* Fetchable.swift */; };
		F380E6402B7859C0007456D3 /* MockChatService.swift in Sources */ = {isa = PBXBuildFile; fileRef = F380E63F2B7859C0007456D3 /* MockChatService.swift */; };
		F380E6422B7859FB007456D3 /* ChatCompletionResponse+MockResponse.swift in Sources */ = {isa = PBXBuildFile; fileRef = F380E6412B7859FB007456D3 /* ChatCompletionResponse+MockResponse.swift */; };
		F380E6442B785C53007456D3 /* MockConstants.swift in Sources */ = {isa = PBXBuildFile; fileRef = F380E6432B785C53007456D3 /* MockConstants.swift */; };
		F380E6462B78697F007456D3 /* ChatUserCircle.swift in Sources */ = {isa = PBXBuildFile; fileRef = F380E6452B78697F007456D3 /* ChatUserCircle.swift */; };
		F380E6482B786A70007456D3 /* ChatTextBubble.swift in Sources */ = {isa = PBXBuildFile; fileRef = F380E6472B786A70007456D3 /* ChatTextBubble.swift */; };
		F3B358412B79249800E2FA3F /* ChatContentItem.swift in Sources */ = {isa = PBXBuildFile; fileRef = F3B358402B79249800E2FA3F /* ChatContentItem.swift */; };
		F3B358432B79300800E2FA3F /* DecodingError+DetailedError.swift in Sources */ = {isa = PBXBuildFile; fileRef = F3B358422B79300800E2FA3F /* DecodingError+DetailedError.swift */; };
		F3B358492B7944A600E2FA3F /* Constants.swift in Sources */ = {isa = PBXBuildFile; fileRef = F3B358482B7944A600E2FA3F /* Constants.swift */; };
		F3B3584B2B7944D100E2FA3F /* DetailedError.swift in Sources */ = {isa = PBXBuildFile; fileRef = F3B3584A2B7944D100E2FA3F /* DetailedError.swift */; };
		F3B3584D2B7944EA00E2FA3F /* URLError+DetailedError.swift in Sources */ = {isa = PBXBuildFile; fileRef = F3B3584C2B7944EA00E2FA3F /* URLError+DetailedError.swift */; };
		F3B3584F2B794F1700E2FA3F /* ChatContent.swift in Sources */ = {isa = PBXBuildFile; fileRef = F3B3584E2B794F1700E2FA3F /* ChatContent.swift */; };
		F3B358512B79571D00E2FA3F /* ImagePicker.swift in Sources */ = {isa = PBXBuildFile; fileRef = F3B358502B79571D00E2FA3F /* ImagePicker.swift */; };
		F3B358552B79590300E2FA3F /* ChatImagePickerButton.swift in Sources */ = {isa = PBXBuildFile; fileRef = F3B358542B79590300E2FA3F /* ChatImagePickerButton.swift */; };
		F3B358572B795D4000E2FA3F /* ChatImagePreviewView.swift in Sources */ = {isa = PBXBuildFile; fileRef = F3B358562B795D4000E2FA3F /* ChatImagePreviewView.swift */; };
		F3B358592B7968DF00E2FA3F /* ChatInputBar.swift in Sources */ = {isa = PBXBuildFile; fileRef = F3B358582B7968DF00E2FA3F /* ChatInputBar.swift */; };
		F3B3585B2B79778600E2FA3F /* UIImage+Resize.swift in Sources */ = {isa = PBXBuildFile; fileRef = F3B3585A2B79778600E2FA3F /* UIImage+Resize.swift */; };
		F3B3585D2B79831400E2FA3F /* ChatImageBubble.swift in Sources */ = {isa = PBXBuildFile; fileRef = F3B3585C2B79831400E2FA3F /* ChatImageBubble.swift */; };
		F3B358612B798A5C00E2FA3F /* ChatMessageStyle.swift in Sources */ = {isa = PBXBuildFile; fileRef = F3B358602B798A5C00E2FA3F /* ChatMessageStyle.swift */; };
		F3B85DBE2B798F0800B2564C /* UIImage+Base64.swift in Sources */ = {isa = PBXBuildFile; fileRef = F3B85DBD2B798F0800B2564C /* UIImage+Base64.swift */; };
		F3BD5E532B789CE400D63E0F /* FlipGroup.swift in Sources */ = {isa = PBXBuildFile; fileRef = F3BD5E522B789CE400D63E0F /* FlipGroup.swift */; };
/* End PBXBuildFile section */

/* Begin PBXContainerItemProxy section */
		F3D1136029F5CB60003273A8 /* PBXContainerItemProxy */ = {
			isa = PBXContainerItemProxy;
			containerPortal = F3257DFF29F58DB100EC757F /* Project object */;
			proxyType = 1;
			remoteGlobalIDString = F307671D29F5C32000B93286;
			remoteInfo = OpenAI;
		};
/* End PBXContainerItemProxy section */

/* Begin PBXCopyFilesBuildPhase section */
		F30766F329F5C26400B93286 /* Embed Frameworks */ = {
			isa = PBXCopyFilesBuildPhase;
			buildActionMask = 2147483647;
			dstPath = "";
			dstSubfolderSpec = 10;
			files = (
				F307672529F5C32000B93286 /* OpenAI.framework in Embed Frameworks */,
			);
			name = "Embed Frameworks";
			runOnlyForDeploymentPostprocessing = 0;
		};
/* End PBXCopyFilesBuildPhase section */

/* Begin PBXFileReference section */
		F30251DB2B7B2B2A0092F27D /* Secrets.swift */ = {isa = PBXFileReference; lastKnownFileType = sourcecode.swift; path = Secrets.swift; sourceTree = "<group>"; };
		F307671E29F5C32000B93286 /* OpenAI.framework */ = {isa = PBXFileReference; explicitFileType = wrapper.framework; includeInIndex = 0; path = OpenAI.framework; sourceTree = BUILT_PRODUCTS_DIR; };
		F307672A29F5C4AE00B93286 /* ChatMessage.swift */ = {isa = PBXFileReference; lastKnownFileType = sourcecode.swift; path = ChatMessage.swift; sourceTree = "<group>"; };
		F307674229F5C7E900B93286 /* MessageSender.swift */ = {isa = PBXFileReference; lastKnownFileType = sourcecode.swift; path = MessageSender.swift; sourceTree = "<group>"; };
		F3257E0729F58DB100EC757F /* OmniAI.app */ = {isa = PBXFileReference; explicitFileType = wrapper.application; includeInIndex = 0; path = OmniAI.app; sourceTree = BUILT_PRODUCTS_DIR; };
		F3257E0A29F58DB100EC757F /* OmniAIApp.swift */ = {isa = PBXFileReference; lastKnownFileType = sourcecode.swift; path = OmniAIApp.swift; sourceTree = "<group>"; };
		F3257E0C29F58DB100EC757F /* ChatView.swift */ = {isa = PBXFileReference; lastKnownFileType = sourcecode.swift; path = ChatView.swift; sourceTree = "<group>"; };
		F3257E0E29F58DB200EC757F /* Assets.xcassets */ = {isa = PBXFileReference; lastKnownFileType = folder.assetcatalog; path = Assets.xcassets; sourceTree = "<group>"; };
		F3257E1129F58DB200EC757F /* Preview Assets.xcassets */ = {isa = PBXFileReference; lastKnownFileType = folder.assetcatalog; path = "Preview Assets.xcassets"; sourceTree = "<group>"; };
		F3257E1829F58E3C00EC757F /* OpenAIChatService.swift */ = {isa = PBXFileReference; lastKnownFileType = sourcecode.swift; path = OpenAIChatService.swift; sourceTree = "<group>"; };
		F3257E1B29F59DAF00EC757F /* ChatCompletionRequest.swift */ = {isa = PBXFileReference; lastKnownFileType = sourcecode.swift; path = ChatCompletionRequest.swift; sourceTree = "<group>"; };
		F3257E1D29F59DB800EC757F /* ChatCompletionResponse.swift */ = {isa = PBXFileReference; lastKnownFileType = sourcecode.swift; path = ChatCompletionResponse.swift; sourceTree = "<group>"; };
		F3257E1F29F59DBE00EC757F /* ChatMessage.swift */ = {isa = PBXFileReference; lastKnownFileType = sourcecode.swift; path = ChatMessage.swift; sourceTree = "<group>"; };
		F3257E2529F59EA300EC757F /* AIModel.swift */ = {isa = PBXFileReference; lastKnownFileType = sourcecode.swift; path = AIModel.swift; sourceTree = "<group>"; };
		F3257E2729F59EAF00EC757F /* Role.swift */ = {isa = PBXFileReference; lastKnownFileType = sourcecode.swift; path = Role.swift; sourceTree = "<group>"; };
		F3257E2929F5A08000EC757F /* APIError.swift */ = {isa = PBXFileReference; lastKnownFileType = sourcecode.swift; path = APIError.swift; sourceTree = "<group>"; };
		F3257E2F29F5A56700EC757F /* ChatViewModel.swift */ = {isa = PBXFileReference; lastKnownFileType = sourcecode.swift; path = ChatViewModel.swift; sourceTree = "<group>"; };
		F3257E3129F5A5C500EC757F /* ChatMessageView.swift */ = {isa = PBXFileReference; lastKnownFileType = sourcecode.swift; path = ChatMessageView.swift; sourceTree = "<group>"; };
		F3257E3329F5A7AB00EC757F /* EllipsesLoadingView.swift */ = {isa = PBXFileReference; lastKnownFileType = sourcecode.swift; path = EllipsesLoadingView.swift; sourceTree = "<group>"; };
		F3257E3529F5B10F00EC757F /* PulsingCircleView.swift */ = {isa = PBXFileReference; lastKnownFileType = sourcecode.swift; path = PulsingCircleView.swift; sourceTree = "<group>"; };
		F35635FF29F5DB640099CC30 /* Constants.swift */ = {isa = PBXFileReference; lastKnownFileType = sourcecode.swift; path = Constants.swift; sourceTree = "<group>"; };
		F356360129F5DBCE0099CC30 /* Mock.swift */ = {isa = PBXFileReference; lastKnownFileType = sourcecode.swift; path = Mock.swift; sourceTree = "<group>"; };
		F3711FEC2B77DFF90096A084 /* MaskedCornerShape.swift */ = {isa = PBXFileReference; lastKnownFileType = sourcecode.swift; path = MaskedCornerShape.swift; sourceTree = "<group>"; };
		F3711FEE2B77E6AB0096A084 /* ErrorItem.swift */ = {isa = PBXFileReference; lastKnownFileType = sourcecode.swift; path = ErrorItem.swift; sourceTree = "<group>"; };
		F3711FF02B77F0330096A084 /* ChatCompletionChunk.swift */ = {isa = PBXFileReference; lastKnownFileType = sourcecode.swift; path = ChatCompletionChunk.swift; sourceTree = "<group>"; };
		F3711FF22B77F1770096A084 /* ChatCompletionChoice.swift */ = {isa = PBXFileReference; lastKnownFileType = sourcecode.swift; path = ChatCompletionChoice.swift; sourceTree = "<group>"; };
		F3711FF42B77F89E0096A084 /* HTTPHeader.swift */ = {isa = PBXFileReference; lastKnownFileType = sourcecode.swift; path = HTTPHeader.swift; sourceTree = "<group>"; };
		F3711FF62B77F8B20096A084 /* HTTPMethod.swift */ = {isa = PBXFileReference; lastKnownFileType = sourcecode.swift; path = HTTPMethod.swift; sourceTree = "<group>"; };
		F3711FF92B7802CA0096A084 /* JSONEncoder+Shared.swift */ = {isa = PBXFileReference; lastKnownFileType = sourcecode.swift; path = "JSONEncoder+Shared.swift"; sourceTree = "<group>"; };
		F3711FFB2B7802D40096A084 /* JSONDecoder+Shared.swift */ = {isa = PBXFileReference; lastKnownFileType = sourcecode.swift; path = "JSONDecoder+Shared.swift"; sourceTree = "<group>"; };
		F3711FFD2B7809110096A084 /* APIErrorResponse.swift */ = {isa = PBXFileReference; lastKnownFileType = sourcecode.swift; path = APIErrorResponse.swift; sourceTree = "<group>"; };
		F37120032B7829120096A084 /* KeyboardDismissableScrollView.swift */ = {isa = PBXFileReference; lastKnownFileType = sourcecode.swift; path = KeyboardDismissableScrollView.swift; sourceTree = "<group>"; };
		F37120072B7833F70096A084 /* ChatScrollView.swift */ = {isa = PBXFileReference; lastKnownFileType = sourcecode.swift; path = ChatScrollView.swift; sourceTree = "<group>"; };
		F380E6372B784B7E007456D3 /* ChatService.swift */ = {isa = PBXFileReference; lastKnownFileType = sourcecode.swift; path = ChatService.swift; sourceTree = "<group>"; };
		F380E6392B784BD8007456D3 /* ServiceRouter.swift */ = {isa = PBXFileReference; lastKnownFileType = sourcecode.swift; path = ServiceRouter.swift; sourceTree = "<group>"; };
		F380E63B2B784C86007456D3 /* Fetchable.swift */ = {isa = PBXFileReference; lastKnownFileType = sourcecode.swift; path = Fetchable.swift; sourceTree = "<group>"; };
		F380E63F2B7859C0007456D3 /* MockChatService.swift */ = {isa = PBXFileReference; lastKnownFileType = sourcecode.swift; path = MockChatService.swift; sourceTree = "<group>"; };
		F380E6412B7859FB007456D3 /* ChatCompletionResponse+MockResponse.swift */ = {isa = PBXFileReference; lastKnownFileType = sourcecode.swift; path = "ChatCompletionResponse+MockResponse.swift"; sourceTree = "<group>"; };
		F380E6432B785C53007456D3 /* MockConstants.swift */ = {isa = PBXFileReference; lastKnownFileType = sourcecode.swift; path = MockConstants.swift; sourceTree = "<group>"; };
		F380E6452B78697F007456D3 /* ChatUserCircle.swift */ = {isa = PBXFileReference; lastKnownFileType = sourcecode.swift; path = ChatUserCircle.swift; sourceTree = "<group>"; };
		F380E6472B786A70007456D3 /* ChatTextBubble.swift */ = {isa = PBXFileReference; lastKnownFileType = sourcecode.swift; path = ChatTextBubble.swift; sourceTree = "<group>"; };
		F3B358402B79249800E2FA3F /* ChatContentItem.swift */ = {isa = PBXFileReference; lastKnownFileType = sourcecode.swift; path = ChatContentItem.swift; sourceTree = "<group>"; };
		F3B358422B79300800E2FA3F /* DecodingError+DetailedError.swift */ = {isa = PBXFileReference; lastKnownFileType = sourcecode.swift; path = "DecodingError+DetailedError.swift"; sourceTree = "<group>"; };
		F3B358482B7944A600E2FA3F /* Constants.swift */ = {isa = PBXFileReference; lastKnownFileType = sourcecode.swift; path = Constants.swift; sourceTree = "<group>"; };
		F3B3584A2B7944D100E2FA3F /* DetailedError.swift */ = {isa = PBXFileReference; lastKnownFileType = sourcecode.swift; path = DetailedError.swift; sourceTree = "<group>"; };
		F3B3584C2B7944EA00E2FA3F /* URLError+DetailedError.swift */ = {isa = PBXFileReference; lastKnownFileType = sourcecode.swift; path = "URLError+DetailedError.swift"; sourceTree = "<group>"; };
		F3B3584E2B794F1700E2FA3F /* ChatContent.swift */ = {isa = PBXFileReference; lastKnownFileType = sourcecode.swift; path = ChatContent.swift; sourceTree = "<group>"; };
		F3B358502B79571D00E2FA3F /* ImagePicker.swift */ = {isa = PBXFileReference; lastKnownFileType = sourcecode.swift; path = ImagePicker.swift; sourceTree = "<group>"; };
		F3B358542B79590300E2FA3F /* ChatImagePickerButton.swift */ = {isa = PBXFileReference; lastKnownFileType = sourcecode.swift; path = ChatImagePickerButton.swift; sourceTree = "<group>"; };
		F3B358562B795D4000E2FA3F /* ChatImagePreviewView.swift */ = {isa = PBXFileReference; lastKnownFileType = sourcecode.swift; path = ChatImagePreviewView.swift; sourceTree = "<group>"; };
		F3B358582B7968DF00E2FA3F /* ChatInputBar.swift */ = {isa = PBXFileReference; lastKnownFileType = sourcecode.swift; path = ChatInputBar.swift; sourceTree = "<group>"; };
		F3B3585A2B79778600E2FA3F /* UIImage+Resize.swift */ = {isa = PBXFileReference; lastKnownFileType = sourcecode.swift; path = "UIImage+Resize.swift"; sourceTree = "<group>"; };
		F3B3585C2B79831400E2FA3F /* ChatImageBubble.swift */ = {isa = PBXFileReference; lastKnownFileType = sourcecode.swift; path = ChatImageBubble.swift; sourceTree = "<group>"; };
		F3B358602B798A5C00E2FA3F /* ChatMessageStyle.swift */ = {isa = PBXFileReference; lastKnownFileType = sourcecode.swift; path = ChatMessageStyle.swift; sourceTree = "<group>"; };
		F3B85DBD2B798F0800B2564C /* UIImage+Base64.swift */ = {isa = PBXFileReference; lastKnownFileType = sourcecode.swift; path = "UIImage+Base64.swift"; sourceTree = "<group>"; };
		F3BD5E522B789CE400D63E0F /* FlipGroup.swift */ = {isa = PBXFileReference; lastKnownFileType = sourcecode.swift; path = FlipGroup.swift; sourceTree = "<group>"; };
/* End PBXFileReference section */

/* Begin PBXFrameworksBuildPhase section */
		F307671B29F5C32000B93286 /* Frameworks */ = {
			isa = PBXFrameworksBuildPhase;
			buildActionMask = 2147483647;
			files = (
			);
			runOnlyForDeploymentPostprocessing = 0;
		};
		F3257E0429F58DB100EC757F /* Frameworks */ = {
			isa = PBXFrameworksBuildPhase;
			buildActionMask = 2147483647;
			files = (
				F307672429F5C32000B93286 /* OpenAI.framework in Frameworks */,
			);
			runOnlyForDeploymentPostprocessing = 0;
		};
/* End PBXFrameworksBuildPhase section */

/* Begin PBXGroup section */
		F307671F29F5C32000B93286 /* OpenAI */ = {
			isa = PBXGroup;
			children = (
				F380E63B2B784C86007456D3 /* Fetchable.swift */,
				F380E6392B784BD8007456D3 /* ServiceRouter.swift */,
				F3711FFF2B78140E0096A084 /* Error */,
				F380E63D2B784CAE007456D3 /* Chat Service */,
				F307672C29F5C5F800B93286 /* Util */,
			);
			path = OpenAI;
			sourceTree = "<group>";
		};
		F307672929F5C42D00B93286 /* Data */ = {
			isa = PBXGroup;
			children = (
				F307672A29F5C4AE00B93286 /* ChatMessage.swift */,
				F307674229F5C7E900B93286 /* MessageSender.swift */,
				F380E6372B784B7E007456D3 /* ChatService.swift */,
			);
			path = Data;
			sourceTree = "<group>";
		};
		F307672C29F5C5F800B93286 /* Util */ = {
			isa = PBXGroup;
			children = (
				F3257E2529F59EA300EC757F /* AIModel.swift */,
				F3711FF42B77F89E0096A084 /* HTTPHeader.swift */,
				F3711FF62B77F8B20096A084 /* HTTPMethod.swift */,
				F30251DB2B7B2B2A0092F27D /* Secrets.swift */,
				F3711FF92B7802CA0096A084 /* JSONEncoder+Shared.swift */,
				F3711FFB2B7802D40096A084 /* JSONDecoder+Shared.swift */,
				F3B358482B7944A600E2FA3F /* Constants.swift */,
			);
			path = Util;
			sourceTree = "<group>";
		};
		F3257DFE29F58DB100EC757F = {
			isa = PBXGroup;
			children = (
				F3257E0929F58DB100EC757F /* OmniAI */,
				F307671F29F5C32000B93286 /* OpenAI */,
				F3257E0829F58DB100EC757F /* Products */,
			);
			sourceTree = "<group>";
		};
		F3257E0829F58DB100EC757F /* Products */ = {
			isa = PBXGroup;
			children = (
				F3257E0729F58DB100EC757F /* OmniAI.app */,
				F307671E29F5C32000B93286 /* OpenAI.framework */,
			);
			name = Products;
			sourceTree = "<group>";
		};
		F3257E0929F58DB100EC757F /* OmniAI */ = {
			isa = PBXGroup;
			children = (
				F3257E0A29F58DB100EC757F /* OmniAIApp.swift */,
				F307672929F5C42D00B93286 /* Data */,
				F3257E2E29F5A51D00EC757F /* UI */,
				F35635FE29F5DB530099CC30 /* Util */,
				F380E63E2B7857AC007456D3 /* Test */,
				F3257E0E29F58DB200EC757F /* Assets.xcassets */,
				F3257E1029F58DB200EC757F /* Preview Content */,
			);
			path = OmniAI;
			sourceTree = "<group>";
		};
		F3257E1029F58DB200EC757F /* Preview Content */ = {
			isa = PBXGroup;
			children = (
				F3257E1129F58DB200EC757F /* Preview Assets.xcassets */,
			);
			path = "Preview Content";
			sourceTree = "<group>";
		};
		F3257E2E29F5A51D00EC757F /* UI */ = {
			isa = PBXGroup;
			children = (
				F3711FEC2B77DFF90096A084 /* MaskedCornerShape.swift */,
				F3711FEE2B77E6AB0096A084 /* ErrorItem.swift */,
				F37120032B7829120096A084 /* KeyboardDismissableScrollView.swift */,
				F3BD5E522B789CE400D63E0F /* FlipGroup.swift */,
				F3B358502B79571D00E2FA3F /* ImagePicker.swift */,
				F37120022B78229F0096A084 /* Chat */,
			);
			path = UI;
			sourceTree = "<group>";
		};
		F35635FE29F5DB530099CC30 /* Util */ = {
			isa = PBXGroup;
			children = (
				F35635FF29F5DB640099CC30 /* Constants.swift */,
				F3B3585A2B79778600E2FA3F /* UIImage+Resize.swift */,
				F3B85DBD2B798F0800B2564C /* UIImage+Base64.swift */,
			);
			path = Util;
			sourceTree = "<group>";
		};
		F3711FF82B77FA350096A084 /* Data */ = {
			isa = PBXGroup;
			children = (
				F3257E2729F59EAF00EC757F /* Role.swift */,
				F3257E1B29F59DAF00EC757F /* ChatCompletionRequest.swift */,
				F3257E1D29F59DB800EC757F /* ChatCompletionResponse.swift */,
				F3711FF02B77F0330096A084 /* ChatCompletionChunk.swift */,
				F3711FF22B77F1770096A084 /* ChatCompletionChoice.swift */,
				F3257E1F29F59DBE00EC757F /* ChatMessage.swift */,
				F3B358402B79249800E2FA3F /* ChatContentItem.swift */,
				F3B3584E2B794F1700E2FA3F /* ChatContent.swift */,
			);
			path = Data;
			sourceTree = "<group>";
		};
		F3711FFF2B78140E0096A084 /* Error */ = {
			isa = PBXGroup;
			children = (
				F3B3584A2B7944D100E2FA3F /* DetailedError.swift */,
				F3257E2929F5A08000EC757F /* APIError.swift */,
				F3711FFD2B7809110096A084 /* APIErrorResponse.swift */,
				F3B358422B79300800E2FA3F /* DecodingError+DetailedError.swift */,
				F3B3584C2B7944EA00E2FA3F /* URLError+DetailedError.swift */,
			);
			path = Error;
			sourceTree = "<group>";
		};
		F37120022B78229F0096A084 /* Chat */ = {
			isa = PBXGroup;
			children = (
				F3257E0C29F58DB100EC757F /* ChatView.swift */,
				F3257E2F29F5A56700EC757F /* ChatViewModel.swift */,
				F3B3585E2B7985E100E2FA3F /* Input */,
				F3B3585F2B79860300E2FA3F /* Messages */,
			);
			path = Chat;
			sourceTree = "<group>";
		};
		F380E63D2B784CAE007456D3 /* Chat Service */ = {
			isa = PBXGroup;
			children = (
				F3257E1829F58E3C00EC757F /* OpenAIChatService.swift */,
				F3711FF82B77FA350096A084 /* Data */,
			);
			path = "Chat Service";
			sourceTree = "<group>";
		};
		F380E63E2B7857AC007456D3 /* Test */ = {
			isa = PBXGroup;
			children = (
				F356360129F5DBCE0099CC30 /* Mock.swift */,
				F380E6432B785C53007456D3 /* MockConstants.swift */,
				F380E63F2B7859C0007456D3 /* MockChatService.swift */,
				F380E6412B7859FB007456D3 /* ChatCompletionResponse+MockResponse.swift */,
			);
			path = Test;
			sourceTree = "<group>";
		};
		F3B3585E2B7985E100E2FA3F /* Input */ = {
			isa = PBXGroup;
			children = (
				F3B358542B79590300E2FA3F /* ChatImagePickerButton.swift */,
				F3B358562B795D4000E2FA3F /* ChatImagePreviewView.swift */,
				F3B358582B7968DF00E2FA3F /* ChatInputBar.swift */,
			);
			path = Input;
			sourceTree = "<group>";
		};
		F3B3585F2B79860300E2FA3F /* Messages */ = {
			isa = PBXGroup;
			children = (
				F37120072B7833F70096A084 /* ChatScrollView.swift */,
				F3257E3129F5A5C500EC757F /* ChatMessageView.swift */,
				F3B358602B798A5C00E2FA3F /* ChatMessageStyle.swift */,
				F380E6472B786A70007456D3 /* ChatTextBubble.swift */,
				F3B3585C2B79831400E2FA3F /* ChatImageBubble.swift */,
				F380E6452B78697F007456D3 /* ChatUserCircle.swift */,
				F3257E3329F5A7AB00EC757F /* EllipsesLoadingView.swift */,
				F3257E3529F5B10F00EC757F /* PulsingCircleView.swift */,
			);
			path = Messages;
			sourceTree = "<group>";
		};
/* End PBXGroup section */

/* Begin PBXHeadersBuildPhase section */
		F307671929F5C32000B93286 /* Headers */ = {
			isa = PBXHeadersBuildPhase;
			buildActionMask = 2147483647;
			files = (
			);
			runOnlyForDeploymentPostprocessing = 0;
		};
/* End PBXHeadersBuildPhase section */

/* Begin PBXNativeTarget section */
		F307671D29F5C32000B93286 /* OpenAI */ = {
			isa = PBXNativeTarget;
			buildConfigurationList = F307672629F5C32000B93286 /* Build configuration list for PBXNativeTarget "OpenAI" */;
			buildPhases = (
				F307671929F5C32000B93286 /* Headers */,
				F307671A29F5C32000B93286 /* Sources */,
				F307671B29F5C32000B93286 /* Frameworks */,
				F307671C29F5C32000B93286 /* Resources */,
			);
			buildRules = (
			);
			dependencies = (
			);
			name = OpenAI;
			productName = OpenAI;
			productReference = F307671E29F5C32000B93286 /* OpenAI.framework */;
			productType = "com.apple.product-type.framework";
		};
		F3257E0629F58DB100EC757F /* OmniAI */ = {
			isa = PBXNativeTarget;
			buildConfigurationList = F3257E1529F58DB200EC757F /* Build configuration list for PBXNativeTarget "OmniAI" */;
			buildPhases = (
				F3257E0329F58DB100EC757F /* Sources */,
				F3257E0429F58DB100EC757F /* Frameworks */,
				F3257E0529F58DB100EC757F /* Resources */,
				F30766F329F5C26400B93286 /* Embed Frameworks */,
			);
			buildRules = (
			);
			dependencies = (
				F3D1136129F5CB60003273A8 /* PBXTargetDependency */,
			);
			name = OmniAI;
			productName = OmniAI;
			productReference = F3257E0729F58DB100EC757F /* OmniAI.app */;
			productType = "com.apple.product-type.application";
		};
/* End PBXNativeTarget section */

/* Begin PBXProject section */
		F3257DFF29F58DB100EC757F /* Project object */ = {
			isa = PBXProject;
			attributes = {
				BuildIndependentTargetsInParallel = 1;
				LastSwiftUpdateCheck = 1430;
				LastUpgradeCheck = 1430;
				TargetAttributes = {
					F307671D29F5C32000B93286 = {
						CreatedOnToolsVersion = 14.3;
						LastSwiftMigration = 1430;
					};
					F3257E0629F58DB100EC757F = {
						CreatedOnToolsVersion = 14.3;
					};
				};
			};
			buildConfigurationList = F3257E0229F58DB100EC757F /* Build configuration list for PBXProject "OmniAI" */;
			compatibilityVersion = "Xcode 14.0";
			developmentRegion = en;
			hasScannedForEncodings = 0;
			knownRegions = (
				en,
				Base,
			);
			mainGroup = F3257DFE29F58DB100EC757F;
			productRefGroup = F3257E0829F58DB100EC757F /* Products */;
			projectDirPath = "";
			projectRoot = "";
			targets = (
				F3257E0629F58DB100EC757F /* OmniAI */,
				F307671D29F5C32000B93286 /* OpenAI */,
			);
		};
/* End PBXProject section */

/* Begin PBXResourcesBuildPhase section */
		F307671C29F5C32000B93286 /* Resources */ = {
			isa = PBXResourcesBuildPhase;
			buildActionMask = 2147483647;
			files = (
			);
			runOnlyForDeploymentPostprocessing = 0;
		};
		F3257E0529F58DB100EC757F /* Resources */ = {
			isa = PBXResourcesBuildPhase;
			buildActionMask = 2147483647;
			files = (
				F3257E1229F58DB200EC757F /* Preview Assets.xcassets in Resources */,
				F3257E0F29F58DB200EC757F /* Assets.xcassets in Resources */,
			);
			runOnlyForDeploymentPostprocessing = 0;
		};
/* End PBXResourcesBuildPhase section */

/* Begin PBXSourcesBuildPhase section */
		F307671A29F5C32000B93286 /* Sources */ = {
			isa = PBXSourcesBuildPhase;
			buildActionMask = 2147483647;
			files = (
				F380E63A2B784BD8007456D3 /* ServiceRouter.swift in Sources */,
				F30251DC2B7B2B2A0092F27D /* Secrets.swift in Sources */,
				F307673D29F5C73200B93286 /* OpenAIChatService.swift in Sources */,
				F3711FF32B77F1770096A084 /* ChatCompletionChoice.swift in Sources */,
				F3711FFE2B7809110096A084 /* APIErrorResponse.swift in Sources */,
				F3B3584D2B7944EA00E2FA3F /* URLError+DetailedError.swift in Sources */,
				F3711FFA2B7802CA0096A084 /* JSONEncoder+Shared.swift in Sources */,
				F307673F29F5C73200B93286 /* AIModel.swift in Sources */,
				F3B3584B2B7944D100E2FA3F /* DetailedError.swift in Sources */,
				F307673B29F5C73200B93286 /* ChatCompletionResponse.swift in Sources */,
				F307673E29F5C73200B93286 /* ChatCompletionRequest.swift in Sources */,
				F3B358412B79249800E2FA3F /* ChatContentItem.swift in Sources */,
				F307673C29F5C73200B93286 /* APIError.swift in Sources */,
				F3711FF12B77F0330096A084 /* ChatCompletionChunk.swift in Sources */,
				F3711FF72B77F8B20096A084 /* HTTPMethod.swift in Sources */,
				F3711FF52B77F89E0096A084 /* HTTPHeader.swift in Sources */,
				F3B358432B79300800E2FA3F /* DecodingError+DetailedError.swift in Sources */,
				F3B358492B7944A600E2FA3F /* Constants.swift in Sources */,
				F380E63C2B784C86007456D3 /* Fetchable.swift in Sources */,
				F3711FFC2B7802D40096A084 /* JSONDecoder+Shared.swift in Sources */,
				F307673929F5C73200B93286 /* ChatMessage.swift in Sources */,
				F3B3584F2B794F1700E2FA3F /* ChatContent.swift in Sources */,
				F307673A29F5C73200B93286 /* Role.swift in Sources */,
			);
			runOnlyForDeploymentPostprocessing = 0;
		};
		F3257E0329F58DB100EC757F /* Sources */ = {
			isa = PBXSourcesBuildPhase;
			buildActionMask = 2147483647;
			files = (
				F380E6442B785C53007456D3 /* MockConstants.swift in Sources */,
				F356360229F5DBCE0099CC30 /* Mock.swift in Sources */,
				F3B358512B79571D00E2FA3F /* ImagePicker.swift in Sources */,
				F3711FEF2B77E6AB0096A084 /* ErrorItem.swift in Sources */,
				F37120042B7829120096A084 /* KeyboardDismissableScrollView.swift in Sources */,
				F380E6482B786A70007456D3 /* ChatTextBubble.swift in Sources */,
				F307672B29F5C4AE00B93286 /* ChatMessage.swift in Sources */,
				F3B358612B798A5C00E2FA3F /* ChatMessageStyle.swift in Sources */,
				F380E6422B7859FB007456D3 /* ChatCompletionResponse+MockResponse.swift in Sources */,
				F3B85DBE2B798F0800B2564C /* UIImage+Base64.swift in Sources */,
				F380E6382B784B7E007456D3 /* ChatService.swift in Sources */,
				F380E6462B78697F007456D3 /* ChatUserCircle.swift in Sources */,
				F3B358592B7968DF00E2FA3F /* ChatInputBar.swift in Sources */,
				F307674329F5C7E900B93286 /* MessageSender.swift in Sources */,
				F3257E3029F5A56700EC757F /* ChatViewModel.swift in Sources */,
				F3257E3629F5B10F00EC757F /* PulsingCircleView.swift in Sources */,
				F3B3585B2B79778600E2FA3F /* UIImage+Resize.swift in Sources */,
				F3B3585D2B79831400E2FA3F /* ChatImageBubble.swift in Sources */,
				F380E6402B7859C0007456D3 /* MockChatService.swift in Sources */,
				F3257E0D29F58DB100EC757F /* ChatView.swift in Sources */,
				F37120082B7833F70096A084 /* ChatScrollView.swift in Sources */,
				F3B358572B795D4000E2FA3F /* ChatImagePreviewView.swift in Sources */,
				F356360029F5DB640099CC30 /* Constants.swift in Sources */,
				F3BD5E532B789CE400D63E0F /* FlipGroup.swift in Sources */,
				F3257E3429F5A7AB00EC757F /* EllipsesLoadingView.swift in Sources */,
				F3B358552B79590300E2FA3F /* ChatImagePickerButton.swift in Sources */,
				F3257E0B29F58DB100EC757F /* OmniAIApp.swift in Sources */,
				F3711FED2B77DFF90096A084 /* MaskedCornerShape.swift in Sources */,
				F3257E3229F5A5C500EC757F /* ChatMessageView.swift in Sources */,
			);
			runOnlyForDeploymentPostprocessing = 0;
		};
/* End PBXSourcesBuildPhase section */

/* Begin PBXTargetDependency section */
		F3D1136129F5CB60003273A8 /* PBXTargetDependency */ = {
			isa = PBXTargetDependency;
			target = F307671D29F5C32000B93286 /* OpenAI */;
			targetProxy = F3D1136029F5CB60003273A8 /* PBXContainerItemProxy */;
		};
/* End PBXTargetDependency section */

/* Begin XCBuildConfiguration section */
		F307672729F5C32000B93286 /* Debug */ = {
			isa = XCBuildConfiguration;
			buildSettings = {
				CLANG_ENABLE_MODULES = YES;
				CODE_SIGN_STYLE = Automatic;
				CURRENT_PROJECT_VERSION = 1;
				DEFINES_MODULE = YES;
				DEVELOPMENT_TEAM = DFVB576FM8;
				DYLIB_COMPATIBILITY_VERSION = 1;
				DYLIB_CURRENT_VERSION = 1;
				DYLIB_INSTALL_NAME_BASE = "@rpath";
				ENABLE_MODULE_VERIFIER = YES;
				GENERATE_INFOPLIST_FILE = YES;
				INFOPLIST_KEY_NSHumanReadableCopyright = "";
				INSTALL_PATH = "$(LOCAL_LIBRARY_DIR)/Frameworks";
				IPHONEOS_DEPLOYMENT_TARGET = 16.4;
				LD_RUNPATH_SEARCH_PATHS = (
					"@executable_path/Frameworks",
					"@loader_path/Frameworks",
				);
				"LD_RUNPATH_SEARCH_PATHS[sdk=macosx*]" = (
					"@executable_path/../Frameworks",
					"@loader_path/Frameworks",
				);
				MACOSX_DEPLOYMENT_TARGET = 13.0;
				MARKETING_VERSION = 1.0;
				MODULE_VERIFIER_SUPPORTED_LANGUAGES = "objective-c objective-c++";
				MODULE_VERIFIER_SUPPORTED_LANGUAGE_STANDARDS = "gnu11 gnu++20";
				PRODUCT_BUNDLE_IDENTIFIER = ClaySuttner.OpenAI;
				PRODUCT_NAME = "$(TARGET_NAME:c99extidentifier)";
				SDKROOT = auto;
				SKIP_INSTALL = YES;
				SUPPORTED_PLATFORMS = "iphoneos iphonesimulator macosx";
				SWIFT_EMIT_LOC_STRINGS = YES;
				SWIFT_OPTIMIZATION_LEVEL = "-Onone";
				SWIFT_VERSION = 5.0;
				TARGETED_DEVICE_FAMILY = "1,2";
				VERSIONING_SYSTEM = "apple-generic";
				VERSION_INFO_PREFIX = "";
			};
			name = Debug;
		};
		F307672829F5C32000B93286 /* Release */ = {
			isa = XCBuildConfiguration;
			buildSettings = {
				CLANG_ENABLE_MODULES = YES;
				CODE_SIGN_STYLE = Automatic;
				CURRENT_PROJECT_VERSION = 1;
				DEFINES_MODULE = YES;
				DEVELOPMENT_TEAM = DFVB576FM8;
				DYLIB_COMPATIBILITY_VERSION = 1;
				DYLIB_CURRENT_VERSION = 1;
				DYLIB_INSTALL_NAME_BASE = "@rpath";
				ENABLE_MODULE_VERIFIER = YES;
				GENERATE_INFOPLIST_FILE = YES;
				INFOPLIST_KEY_NSHumanReadableCopyright = "";
				INSTALL_PATH = "$(LOCAL_LIBRARY_DIR)/Frameworks";
				IPHONEOS_DEPLOYMENT_TARGET = 16.4;
				LD_RUNPATH_SEARCH_PATHS = (
					"@executable_path/Frameworks",
					"@loader_path/Frameworks",
				);
				"LD_RUNPATH_SEARCH_PATHS[sdk=macosx*]" = (
					"@executable_path/../Frameworks",
					"@loader_path/Frameworks",
				);
				MACOSX_DEPLOYMENT_TARGET = 13.0;
				MARKETING_VERSION = 1.0;
				MODULE_VERIFIER_SUPPORTED_LANGUAGES = "objective-c objective-c++";
				MODULE_VERIFIER_SUPPORTED_LANGUAGE_STANDARDS = "gnu11 gnu++20";
				PRODUCT_BUNDLE_IDENTIFIER = ClaySuttner.OpenAI;
				PRODUCT_NAME = "$(TARGET_NAME:c99extidentifier)";
				SDKROOT = auto;
				SKIP_INSTALL = YES;
				SUPPORTED_PLATFORMS = "iphoneos iphonesimulator macosx";
				SWIFT_EMIT_LOC_STRINGS = YES;
				SWIFT_VERSION = 5.0;
				TARGETED_DEVICE_FAMILY = "1,2";
				VERSIONING_SYSTEM = "apple-generic";
				VERSION_INFO_PREFIX = "";
			};
			name = Release;
		};
		F3257E1329F58DB200EC757F /* Debug */ = {
			isa = XCBuildConfiguration;
			buildSettings = {
				ALWAYS_SEARCH_USER_PATHS = NO;
				CLANG_ANALYZER_NONNULL = YES;
				CLANG_ANALYZER_NUMBER_OBJECT_CONVERSION = YES_AGGRESSIVE;
				CLANG_CXX_LANGUAGE_STANDARD = "gnu++20";
				CLANG_ENABLE_MODULES = YES;
				CLANG_ENABLE_OBJC_ARC = YES;
				CLANG_ENABLE_OBJC_WEAK = YES;
				CLANG_WARN_BLOCK_CAPTURE_AUTORELEASING = YES;
				CLANG_WARN_BOOL_CONVERSION = YES;
				CLANG_WARN_COMMA = YES;
				CLANG_WARN_CONSTANT_CONVERSION = YES;
				CLANG_WARN_DEPRECATED_OBJC_IMPLEMENTATIONS = YES;
				CLANG_WARN_DIRECT_OBJC_ISA_USAGE = YES_ERROR;
				CLANG_WARN_DOCUMENTATION_COMMENTS = YES;
				CLANG_WARN_EMPTY_BODY = YES;
				CLANG_WARN_ENUM_CONVERSION = YES;
				CLANG_WARN_INFINITE_RECURSION = YES;
				CLANG_WARN_INT_CONVERSION = YES;
				CLANG_WARN_NON_LITERAL_NULL_CONVERSION = YES;
				CLANG_WARN_OBJC_IMPLICIT_RETAIN_SELF = YES;
				CLANG_WARN_OBJC_LITERAL_CONVERSION = YES;
				CLANG_WARN_OBJC_ROOT_CLASS = YES_ERROR;
				CLANG_WARN_QUOTED_INCLUDE_IN_FRAMEWORK_HEADER = YES;
				CLANG_WARN_RANGE_LOOP_ANALYSIS = YES;
				CLANG_WARN_STRICT_PROTOTYPES = YES;
				CLANG_WARN_SUSPICIOUS_MOVE = YES;
				CLANG_WARN_UNGUARDED_AVAILABILITY = YES_AGGRESSIVE;
				CLANG_WARN_UNREACHABLE_CODE = YES;
				CLANG_WARN__DUPLICATE_METHOD_MATCH = YES;
				COPY_PHASE_STRIP = NO;
				DEBUG_INFORMATION_FORMAT = dwarf;
				ENABLE_STRICT_OBJC_MSGSEND = YES;
				ENABLE_TESTABILITY = YES;
				GCC_C_LANGUAGE_STANDARD = gnu11;
				GCC_DYNAMIC_NO_PIC = NO;
				GCC_NO_COMMON_BLOCKS = YES;
				GCC_OPTIMIZATION_LEVEL = 0;
				GCC_PREPROCESSOR_DEFINITIONS = (
					"DEBUG=1",
					"$(inherited)",
				);
				GCC_WARN_64_TO_32_BIT_CONVERSION = YES;
				GCC_WARN_ABOUT_RETURN_TYPE = YES_ERROR;
				GCC_WARN_UNDECLARED_SELECTOR = YES;
				GCC_WARN_UNINITIALIZED_AUTOS = YES_AGGRESSIVE;
				GCC_WARN_UNUSED_FUNCTION = YES;
				GCC_WARN_UNUSED_VARIABLE = YES;
				IPHONEOS_DEPLOYMENT_TARGET = 16.4;
				MTL_ENABLE_DEBUG_INFO = INCLUDE_SOURCE;
				MTL_FAST_MATH = YES;
				ONLY_ACTIVE_ARCH = YES;
				SDKROOT = iphoneos;
				SWIFT_ACTIVE_COMPILATION_CONDITIONS = DEBUG;
				SWIFT_OPTIMIZATION_LEVEL = "-Onone";
			};
			name = Debug;
		};
		F3257E1429F58DB200EC757F /* Release */ = {
			isa = XCBuildConfiguration;
			buildSettings = {
				ALWAYS_SEARCH_USER_PATHS = NO;
				CLANG_ANALYZER_NONNULL = YES;
				CLANG_ANALYZER_NUMBER_OBJECT_CONVERSION = YES_AGGRESSIVE;
				CLANG_CXX_LANGUAGE_STANDARD = "gnu++20";
				CLANG_ENABLE_MODULES = YES;
				CLANG_ENABLE_OBJC_ARC = YES;
				CLANG_ENABLE_OBJC_WEAK = YES;
				CLANG_WARN_BLOCK_CAPTURE_AUTORELEASING = YES;
				CLANG_WARN_BOOL_CONVERSION = YES;
				CLANG_WARN_COMMA = YES;
				CLANG_WARN_CONSTANT_CONVERSION = YES;
				CLANG_WARN_DEPRECATED_OBJC_IMPLEMENTATIONS = YES;
				CLANG_WARN_DIRECT_OBJC_ISA_USAGE = YES_ERROR;
				CLANG_WARN_DOCUMENTATION_COMMENTS = YES;
				CLANG_WARN_EMPTY_BODY = YES;
				CLANG_WARN_ENUM_CONVERSION = YES;
				CLANG_WARN_INFINITE_RECURSION = YES;
				CLANG_WARN_INT_CONVERSION = YES;
				CLANG_WARN_NON_LITERAL_NULL_CONVERSION = YES;
				CLANG_WARN_OBJC_IMPLICIT_RETAIN_SELF = YES;
				CLANG_WARN_OBJC_LITERAL_CONVERSION = YES;
				CLANG_WARN_OBJC_ROOT_CLASS = YES_ERROR;
				CLANG_WARN_QUOTED_INCLUDE_IN_FRAMEWORK_HEADER = YES;
				CLANG_WARN_RANGE_LOOP_ANALYSIS = YES;
				CLANG_WARN_STRICT_PROTOTYPES = YES;
				CLANG_WARN_SUSPICIOUS_MOVE = YES;
				CLANG_WARN_UNGUARDED_AVAILABILITY = YES_AGGRESSIVE;
				CLANG_WARN_UNREACHABLE_CODE = YES;
				CLANG_WARN__DUPLICATE_METHOD_MATCH = YES;
				COPY_PHASE_STRIP = NO;
				DEBUG_INFORMATION_FORMAT = "dwarf-with-dsym";
				ENABLE_NS_ASSERTIONS = NO;
				ENABLE_STRICT_OBJC_MSGSEND = YES;
				GCC_C_LANGUAGE_STANDARD = gnu11;
				GCC_NO_COMMON_BLOCKS = YES;
				GCC_WARN_64_TO_32_BIT_CONVERSION = YES;
				GCC_WARN_ABOUT_RETURN_TYPE = YES_ERROR;
				GCC_WARN_UNDECLARED_SELECTOR = YES;
				GCC_WARN_UNINITIALIZED_AUTOS = YES_AGGRESSIVE;
				GCC_WARN_UNUSED_FUNCTION = YES;
				GCC_WARN_UNUSED_VARIABLE = YES;
				IPHONEOS_DEPLOYMENT_TARGET = 16.4;
				MTL_ENABLE_DEBUG_INFO = NO;
				MTL_FAST_MATH = YES;
				SDKROOT = iphoneos;
				SWIFT_COMPILATION_MODE = wholemodule;
				SWIFT_OPTIMIZATION_LEVEL = "-O";
				VALIDATE_PRODUCT = YES;
			};
			name = Release;
		};
		F3257E1629F58DB200EC757F /* Debug */ = {
			isa = XCBuildConfiguration;
			buildSettings = {
				ALWAYS_EMBED_SWIFT_STANDARD_LIBRARIES = YES;
				ASSETCATALOG_COMPILER_APPICON_NAME = AppIcon;
				ASSETCATALOG_COMPILER_GLOBAL_ACCENT_COLOR_NAME = AccentColor;
				CODE_SIGN_STYLE = Automatic;
				CURRENT_PROJECT_VERSION = 1;
				DEVELOPMENT_ASSET_PATHS = "\"OmniAI/Preview Content\"";
				DEVELOPMENT_TEAM = DFVB576FM8;
				ENABLE_PREVIEWS = YES;
				GENERATE_INFOPLIST_FILE = YES;
				INFOPLIST_KEY_UIApplicationSceneManifest_Generation = YES;
				INFOPLIST_KEY_UIApplicationSupportsIndirectInputEvents = YES;
				INFOPLIST_KEY_UILaunchScreen_Generation = YES;
				INFOPLIST_KEY_UISupportedInterfaceOrientations_iPad = "UIInterfaceOrientationPortrait UIInterfaceOrientationPortraitUpsideDown UIInterfaceOrientationLandscapeLeft UIInterfaceOrientationLandscapeRight";
				INFOPLIST_KEY_UISupportedInterfaceOrientations_iPhone = "UIInterfaceOrientationPortrait UIInterfaceOrientationLandscapeLeft UIInterfaceOrientationLandscapeRight";
				LD_RUNPATH_SEARCH_PATHS = (
					"$(inherited)",
					"@executable_path/Frameworks",
				);
				MARKETING_VERSION = 1.0;
				PRODUCT_BUNDLE_IDENTIFIER = ClaySuttner.OmniAI;
				PRODUCT_NAME = "$(TARGET_NAME)";
				SWIFT_EMIT_LOC_STRINGS = YES;
				SWIFT_VERSION = 5.0;
				TARGETED_DEVICE_FAMILY = "1,2";
			};
			name = Debug;
		};
		F3257E1729F58DB200EC757F /* Release */ = {
			isa = XCBuildConfiguration;
			buildSettings = {
				ALWAYS_EMBED_SWIFT_STANDARD_LIBRARIES = YES;
				ASSETCATALOG_COMPILER_APPICON_NAME = AppIcon;
				ASSETCATALOG_COMPILER_GLOBAL_ACCENT_COLOR_NAME = AccentColor;
				CODE_SIGN_STYLE = Automatic;
				CURRENT_PROJECT_VERSION = 1;
				DEVELOPMENT_ASSET_PATHS = "\"OmniAI/Preview Content\"";
				DEVELOPMENT_TEAM = DFVB576FM8;
				ENABLE_PREVIEWS = YES;
				GENERATE_INFOPLIST_FILE = YES;
				INFOPLIST_KEY_UIApplicationSceneManifest_Generation = YES;
				INFOPLIST_KEY_UIApplicationSupportsIndirectInputEvents = YES;
				INFOPLIST_KEY_UILaunchScreen_Generation = YES;
				INFOPLIST_KEY_UISupportedInterfaceOrientations_iPad = "UIInterfaceOrientationPortrait UIInterfaceOrientationPortraitUpsideDown UIInterfaceOrientationLandscapeLeft UIInterfaceOrientationLandscapeRight";
				INFOPLIST_KEY_UISupportedInterfaceOrientations_iPhone = "UIInterfaceOrientationPortrait UIInterfaceOrientationLandscapeLeft UIInterfaceOrientationLandscapeRight";
				LD_RUNPATH_SEARCH_PATHS = (
					"$(inherited)",
					"@executable_path/Frameworks",
				);
				MARKETING_VERSION = 1.0;
				PRODUCT_BUNDLE_IDENTIFIER = ClaySuttner.OmniAI;
				PRODUCT_NAME = "$(TARGET_NAME)";
				SWIFT_EMIT_LOC_STRINGS = YES;
				SWIFT_VERSION = 5.0;
				TARGETED_DEVICE_FAMILY = "1,2";
			};
			name = Release;
		};
/* End XCBuildConfiguration section */

/* Begin XCConfigurationList section */
		F307672629F5C32000B93286 /* Build configuration list for PBXNativeTarget "OpenAI" */ = {
			isa = XCConfigurationList;
			buildConfigurations = (
				F307672729F5C32000B93286 /* Debug */,
				F307672829F5C32000B93286 /* Release */,
			);
			defaultConfigurationIsVisible = 0;
			defaultConfigurationName = Release;
		};
		F3257E0229F58DB100EC757F /* Build configuration list for PBXProject "OmniAI" */ = {
			isa = XCConfigurationList;
			buildConfigurations = (
				F3257E1329F58DB200EC757F /* Debug */,
				F3257E1429F58DB200EC757F /* Release */,
			);
			defaultConfigurationIsVisible = 0;
			defaultConfigurationName = Release;
		};
		F3257E1529F58DB200EC757F /* Build configuration list for PBXNativeTarget "OmniAI" */ = {
			isa = XCConfigurationList;
			buildConfigurations = (
				F3257E1629F58DB200EC757F /* Debug */,
				F3257E1729F58DB200EC757F /* Release */,
			);
			defaultConfigurationIsVisible = 0;
			defaultConfigurationName = Release;
		};
/* End XCConfigurationList section */
	};
	rootObject = F3257DFF29F58DB100EC757F /* Project object */;
}
