// !$*UTF8*$!
{
	archiveVersion = 1;
	classes = {
	};
	objectVersion = 56;
	objects = {

/* Begin PBXBuildFile section */
		F307672B29F5C4AE00B93286 /* Message.swift in Sources */ = {isa = PBXBuildFile; fileRef = F307672A29F5C4AE00B93286 /* Message.swift */; };
		F31EB1ED2B82E10C00164B9A /* Secrets.swift in Sources */ = {isa = PBXBuildFile; fileRef = F30251DB2B7B2B2A0092F27D /* Secrets.swift */; };
		F3257E0B29F58DB100EC757F /* OmniDexApp.swift in Sources */ = {isa = PBXBuildFile; fileRef = F3257E0A29F58DB100EC757F /* OmniDexApp.swift */; };
		F3257E0F29F58DB200EC757F /* Assets.xcassets in Resources */ = {isa = PBXBuildFile; fileRef = F3257E0E29F58DB200EC757F /* Assets.xcassets */; };
		F3257E1229F58DB200EC757F /* Preview Assets.xcassets in Resources */ = {isa = PBXBuildFile; fileRef = F3257E1129F58DB200EC757F /* Preview Assets.xcassets */; };
		F3257E3229F5A5C500EC757F /* MessageView.swift in Sources */ = {isa = PBXBuildFile; fileRef = F3257E3129F5A5C500EC757F /* MessageView.swift */; };
		F3257E3429F5A7AB00EC757F /* EllipsesLoadingView.swift in Sources */ = {isa = PBXBuildFile; fileRef = F3257E3329F5A7AB00EC757F /* EllipsesLoadingView.swift */; };
		F3257E3629F5B10F00EC757F /* PulsingCircleView.swift in Sources */ = {isa = PBXBuildFile; fileRef = F3257E3529F5B10F00EC757F /* PulsingCircleView.swift */; };
		F32A5EBC2B9541040037546F /* ConversationStore.swift in Sources */ = {isa = PBXBuildFile; fileRef = F32A5EBB2B9541040037546F /* ConversationStore.swift */; };
		F33E3A0E2B7DAB3C00AD0642 /* Conversation.swift in Sources */ = {isa = PBXBuildFile; fileRef = F33E3A0D2B7DAB3C00AD0642 /* Conversation.swift */; };
		F33E3A102B7DAD7700AD0642 /* ConversationView.swift in Sources */ = {isa = PBXBuildFile; fileRef = F33E3A0F2B7DAD7700AD0642 /* ConversationView.swift */; };
		F356360029F5DB640099CC30 /* Constants.swift in Sources */ = {isa = PBXBuildFile; fileRef = F35635FF29F5DB640099CC30 /* Constants.swift */; };
		F36C95002B951322007DCAB1 /* ServiceProvider.swift in Sources */ = {isa = PBXBuildFile; fileRef = F36C94FF2B951322007DCAB1 /* ServiceProvider.swift */; };
		F36C95262B951EBB007DCAB1 /* Mock.swift in Sources */ = {isa = PBXBuildFile; fileRef = F36C95252B951EBB007DCAB1 /* Mock.swift */; };
		F36C95282B953BF9007DCAB1 /* StoredConversation.swift in Sources */ = {isa = PBXBuildFile; fileRef = F36C95272B953BF9007DCAB1 /* StoredConversation.swift */; };
		F36C952A2B953C24007DCAB1 /* StoredMessage.swift in Sources */ = {isa = PBXBuildFile; fileRef = F36C95292B953C24007DCAB1 /* StoredMessage.swift */; };
		F370F7F12B8AE0F800FF8A73 /* OpenAISwift in Frameworks */ = {isa = PBXBuildFile; productRef = F370F7F02B8AE0F800FF8A73 /* OpenAISwift */; };
		F3711FED2B77DFF90096A084 /* MaskedCornerShape.swift in Sources */ = {isa = PBXBuildFile; fileRef = F3711FEC2B77DFF90096A084 /* MaskedCornerShape.swift */; };
		F3711FEF2B77E6AB0096A084 /* ErrorItem.swift in Sources */ = {isa = PBXBuildFile; fileRef = F3711FEE2B77E6AB0096A084 /* ErrorItem.swift */; };
		F37120042B7829120096A084 /* KeyboardDismissableScrollView.swift in Sources */ = {isa = PBXBuildFile; fileRef = F37120032B7829120096A084 /* KeyboardDismissableScrollView.swift */; };
		F37120082B7833F70096A084 /* MessageListView.swift in Sources */ = {isa = PBXBuildFile; fileRef = F37120072B7833F70096A084 /* MessageListView.swift */; };
		F380E6382B784B7E007456D3 /* ChatService.swift in Sources */ = {isa = PBXBuildFile; fileRef = F380E6372B784B7E007456D3 /* ChatService.swift */; };
		F380E6402B7859C0007456D3 /* MockChatService.swift in Sources */ = {isa = PBXBuildFile; fileRef = F380E63F2B7859C0007456D3 /* MockChatService.swift */; };
		F380E6442B785C53007456D3 /* MockConstants.swift in Sources */ = {isa = PBXBuildFile; fileRef = F380E6432B785C53007456D3 /* MockConstants.swift */; };
		F380E6462B78697F007456D3 /* UserPictureCircle.swift in Sources */ = {isa = PBXBuildFile; fileRef = F380E6452B78697F007456D3 /* UserPictureCircle.swift */; };
		F380E6482B786A70007456D3 /* MessageTextBubble.swift in Sources */ = {isa = PBXBuildFile; fileRef = F380E6472B786A70007456D3 /* MessageTextBubble.swift */; };
		F38FE4402B8D75440043B3BB /* MainTabView.swift in Sources */ = {isa = PBXBuildFile; fileRef = F38FE43F2B8D75440043B3BB /* MainTabView.swift */; };
		F38FE4452B8D766F0043B3BB /* TranslateView.swift in Sources */ = {isa = PBXBuildFile; fileRef = F38FE4442B8D766F0043B3BB /* TranslateView.swift */; };
		F38FE4472B8D76810043B3BB /* ImagineView.swift in Sources */ = {isa = PBXBuildFile; fileRef = F38FE4462B8D76810043B3BB /* ImagineView.swift */; };
		F38FE4492B8D76B00043B3BB /* SummarizeView.swift in Sources */ = {isa = PBXBuildFile; fileRef = F38FE4482B8D76B00043B3BB /* SummarizeView.swift */; };
		F39F04562B90221400E620CE /* ConversationListView.swift in Sources */ = {isa = PBXBuildFile; fileRef = F39F04552B90221400E620CE /* ConversationListView.swift */; };
		F39F04592B90243600E620CE /* ConversationListRow.swift in Sources */ = {isa = PBXBuildFile; fileRef = F39F04582B90243600E620CE /* ConversationListRow.swift */; };
		F3AC33862B98093700B27452 /* ErrorItemAlertViewModifer.swift in Sources */ = {isa = PBXBuildFile; fileRef = F3AC33852B98093700B27452 /* ErrorItemAlertViewModifer.swift */; };
		F3B358512B79571D00E2FA3F /* ImagePicker.swift in Sources */ = {isa = PBXBuildFile; fileRef = F3B358502B79571D00E2FA3F /* ImagePicker.swift */; };
		F3B358552B79590300E2FA3F /* ImagePickerButton.swift in Sources */ = {isa = PBXBuildFile; fileRef = F3B358542B79590300E2FA3F /* ImagePickerButton.swift */; };
		F3B358572B795D4000E2FA3F /* ImagePreviewView.swift in Sources */ = {isa = PBXBuildFile; fileRef = F3B358562B795D4000E2FA3F /* ImagePreviewView.swift */; };
		F3B358592B7968DF00E2FA3F /* ConversationInputBar.swift in Sources */ = {isa = PBXBuildFile; fileRef = F3B358582B7968DF00E2FA3F /* ConversationInputBar.swift */; };
		F3B3585B2B79778600E2FA3F /* UIImage+Resize.swift in Sources */ = {isa = PBXBuildFile; fileRef = F3B3585A2B79778600E2FA3F /* UIImage+Resize.swift */; };
		F3B3585D2B79831400E2FA3F /* MessageImageBubble.swift in Sources */ = {isa = PBXBuildFile; fileRef = F3B3585C2B79831400E2FA3F /* MessageImageBubble.swift */; };
		F3B358612B798A5C00E2FA3F /* MessageStyle.swift in Sources */ = {isa = PBXBuildFile; fileRef = F3B358602B798A5C00E2FA3F /* MessageStyle.swift */; };
		F3B85DBE2B798F0800B2564C /* UIImage+Base64.swift in Sources */ = {isa = PBXBuildFile; fileRef = F3B85DBD2B798F0800B2564C /* UIImage+Base64.swift */; };
		F3BD5E532B789CE400D63E0F /* FlipGroup.swift in Sources */ = {isa = PBXBuildFile; fileRef = F3BD5E522B789CE400D63E0F /* FlipGroup.swift */; };
		F3E31AC12B8BE54900BD6335 /* MessageChunk.swift in Sources */ = {isa = PBXBuildFile; fileRef = F3E31AC02B8BE54900BD6335 /* MessageChunk.swift */; };
		F3F054722B955B6800FFFFA1 /* SwiftDataStore.swift in Sources */ = {isa = PBXBuildFile; fileRef = F3F054712B955B6800FFFFA1 /* SwiftDataStore.swift */; };
		F3F054742B9586C200FFFFA1 /* MockDataStore.swift in Sources */ = {isa = PBXBuildFile; fileRef = F3F054732B9586C200FFFFA1 /* MockDataStore.swift */; };
/* End PBXBuildFile section */

/* Begin PBXCopyFilesBuildPhase section */
		F30766F329F5C26400B93286 /* Embed Frameworks */ = {
			isa = PBXCopyFilesBuildPhase;
			buildActionMask = 2147483647;
			dstPath = "";
			dstSubfolderSpec = 10;
			files = (
			);
			name = "Embed Frameworks";
			runOnlyForDeploymentPostprocessing = 0;
		};
/* End PBXCopyFilesBuildPhase section */

/* Begin PBXFileReference section */
		F30251DB2B7B2B2A0092F27D /* Secrets.swift */ = {isa = PBXFileReference; lastKnownFileType = sourcecode.swift; path = Secrets.swift; sourceTree = "<group>"; };
		F307672A29F5C4AE00B93286 /* Message.swift */ = {isa = PBXFileReference; lastKnownFileType = sourcecode.swift; path = Message.swift; sourceTree = "<group>"; };
		F3257E0729F58DB100EC757F /* OmniDex.app */ = {isa = PBXFileReference; explicitFileType = wrapper.application; includeInIndex = 0; path = OmniDex.app; sourceTree = BUILT_PRODUCTS_DIR; };
		F3257E0A29F58DB100EC757F /* OmniDexApp.swift */ = {isa = PBXFileReference; lastKnownFileType = sourcecode.swift; path = OmniDexApp.swift; sourceTree = "<group>"; };
		F3257E0E29F58DB200EC757F /* Assets.xcassets */ = {isa = PBXFileReference; lastKnownFileType = folder.assetcatalog; path = Assets.xcassets; sourceTree = "<group>"; };
		F3257E1129F58DB200EC757F /* Preview Assets.xcassets */ = {isa = PBXFileReference; lastKnownFileType = folder.assetcatalog; path = "Preview Assets.xcassets"; sourceTree = "<group>"; };
		F3257E3129F5A5C500EC757F /* MessageView.swift */ = {isa = PBXFileReference; lastKnownFileType = sourcecode.swift; path = MessageView.swift; sourceTree = "<group>"; };
		F3257E3329F5A7AB00EC757F /* EllipsesLoadingView.swift */ = {isa = PBXFileReference; lastKnownFileType = sourcecode.swift; path = EllipsesLoadingView.swift; sourceTree = "<group>"; };
		F3257E3529F5B10F00EC757F /* PulsingCircleView.swift */ = {isa = PBXFileReference; lastKnownFileType = sourcecode.swift; path = PulsingCircleView.swift; sourceTree = "<group>"; };
		F32A5EBB2B9541040037546F /* ConversationStore.swift */ = {isa = PBXFileReference; lastKnownFileType = sourcecode.swift; path = ConversationStore.swift; sourceTree = "<group>"; };
		F33E3A0D2B7DAB3C00AD0642 /* Conversation.swift */ = {isa = PBXFileReference; lastKnownFileType = sourcecode.swift; path = Conversation.swift; sourceTree = "<group>"; };
		F33E3A0F2B7DAD7700AD0642 /* ConversationView.swift */ = {isa = PBXFileReference; lastKnownFileType = sourcecode.swift; path = ConversationView.swift; sourceTree = "<group>"; };
		F35635FF29F5DB640099CC30 /* Constants.swift */ = {isa = PBXFileReference; lastKnownFileType = sourcecode.swift; path = Constants.swift; sourceTree = "<group>"; };
		F36C94FF2B951322007DCAB1 /* ServiceProvider.swift */ = {isa = PBXFileReference; lastKnownFileType = sourcecode.swift; path = ServiceProvider.swift; sourceTree = "<group>"; };
		F36C95252B951EBB007DCAB1 /* Mock.swift */ = {isa = PBXFileReference; lastKnownFileType = sourcecode.swift; path = Mock.swift; sourceTree = "<group>"; };
		F36C95272B953BF9007DCAB1 /* StoredConversation.swift */ = {isa = PBXFileReference; lastKnownFileType = sourcecode.swift; path = StoredConversation.swift; sourceTree = "<group>"; };
		F36C95292B953C24007DCAB1 /* StoredMessage.swift */ = {isa = PBXFileReference; lastKnownFileType = sourcecode.swift; path = StoredMessage.swift; sourceTree = "<group>"; };
		F3711FEC2B77DFF90096A084 /* MaskedCornerShape.swift */ = {isa = PBXFileReference; lastKnownFileType = sourcecode.swift; path = MaskedCornerShape.swift; sourceTree = "<group>"; };
		F3711FEE2B77E6AB0096A084 /* ErrorItem.swift */ = {isa = PBXFileReference; lastKnownFileType = sourcecode.swift; path = ErrorItem.swift; sourceTree = "<group>"; };
		F37120032B7829120096A084 /* KeyboardDismissableScrollView.swift */ = {isa = PBXFileReference; lastKnownFileType = sourcecode.swift; path = KeyboardDismissableScrollView.swift; sourceTree = "<group>"; };
		F37120072B7833F70096A084 /* MessageListView.swift */ = {isa = PBXFileReference; lastKnownFileType = sourcecode.swift; path = MessageListView.swift; sourceTree = "<group>"; };
		F380E6372B784B7E007456D3 /* ChatService.swift */ = {isa = PBXFileReference; lastKnownFileType = sourcecode.swift; path = ChatService.swift; sourceTree = "<group>"; };
		F380E63F2B7859C0007456D3 /* MockChatService.swift */ = {isa = PBXFileReference; lastKnownFileType = sourcecode.swift; path = MockChatService.swift; sourceTree = "<group>"; };
		F380E6432B785C53007456D3 /* MockConstants.swift */ = {isa = PBXFileReference; lastKnownFileType = sourcecode.swift; path = MockConstants.swift; sourceTree = "<group>"; };
		F380E6452B78697F007456D3 /* UserPictureCircle.swift */ = {isa = PBXFileReference; lastKnownFileType = sourcecode.swift; path = UserPictureCircle.swift; sourceTree = "<group>"; };
		F380E6472B786A70007456D3 /* MessageTextBubble.swift */ = {isa = PBXFileReference; lastKnownFileType = sourcecode.swift; path = MessageTextBubble.swift; sourceTree = "<group>"; };
		F38FE43F2B8D75440043B3BB /* MainTabView.swift */ = {isa = PBXFileReference; lastKnownFileType = sourcecode.swift; path = MainTabView.swift; sourceTree = "<group>"; };
		F38FE4442B8D766F0043B3BB /* TranslateView.swift */ = {isa = PBXFileReference; lastKnownFileType = sourcecode.swift; path = TranslateView.swift; sourceTree = "<group>"; };
		F38FE4462B8D76810043B3BB /* ImagineView.swift */ = {isa = PBXFileReference; lastKnownFileType = sourcecode.swift; path = ImagineView.swift; sourceTree = "<group>"; };
		F38FE4482B8D76B00043B3BB /* SummarizeView.swift */ = {isa = PBXFileReference; lastKnownFileType = sourcecode.swift; path = SummarizeView.swift; sourceTree = "<group>"; };
		F39F04552B90221400E620CE /* ConversationListView.swift */ = {isa = PBXFileReference; lastKnownFileType = sourcecode.swift; path = ConversationListView.swift; sourceTree = "<group>"; };
		F39F04582B90243600E620CE /* ConversationListRow.swift */ = {isa = PBXFileReference; lastKnownFileType = sourcecode.swift; path = ConversationListRow.swift; sourceTree = "<group>"; };
		F3AC33852B98093700B27452 /* ErrorItemAlertViewModifer.swift */ = {isa = PBXFileReference; lastKnownFileType = sourcecode.swift; path = ErrorItemAlertViewModifer.swift; sourceTree = "<group>"; };
		F3B358502B79571D00E2FA3F /* ImagePicker.swift */ = {isa = PBXFileReference; lastKnownFileType = sourcecode.swift; path = ImagePicker.swift; sourceTree = "<group>"; };
		F3B358542B79590300E2FA3F /* ImagePickerButton.swift */ = {isa = PBXFileReference; lastKnownFileType = sourcecode.swift; path = ImagePickerButton.swift; sourceTree = "<group>"; };
		F3B358562B795D4000E2FA3F /* ImagePreviewView.swift */ = {isa = PBXFileReference; lastKnownFileType = sourcecode.swift; path = ImagePreviewView.swift; sourceTree = "<group>"; };
		F3B358582B7968DF00E2FA3F /* ConversationInputBar.swift */ = {isa = PBXFileReference; lastKnownFileType = sourcecode.swift; path = ConversationInputBar.swift; sourceTree = "<group>"; };
		F3B3585A2B79778600E2FA3F /* UIImage+Resize.swift */ = {isa = PBXFileReference; lastKnownFileType = sourcecode.swift; path = "UIImage+Resize.swift"; sourceTree = "<group>"; };
		F3B3585C2B79831400E2FA3F /* MessageImageBubble.swift */ = {isa = PBXFileReference; lastKnownFileType = sourcecode.swift; path = MessageImageBubble.swift; sourceTree = "<group>"; };
		F3B358602B798A5C00E2FA3F /* MessageStyle.swift */ = {isa = PBXFileReference; lastKnownFileType = sourcecode.swift; path = MessageStyle.swift; sourceTree = "<group>"; };
		F3B85DBD2B798F0800B2564C /* UIImage+Base64.swift */ = {isa = PBXFileReference; lastKnownFileType = sourcecode.swift; path = "UIImage+Base64.swift"; sourceTree = "<group>"; };
		F3BD5E522B789CE400D63E0F /* FlipGroup.swift */ = {isa = PBXFileReference; lastKnownFileType = sourcecode.swift; path = FlipGroup.swift; sourceTree = "<group>"; };
		F3E31AC02B8BE54900BD6335 /* MessageChunk.swift */ = {isa = PBXFileReference; lastKnownFileType = sourcecode.swift; path = MessageChunk.swift; sourceTree = "<group>"; };
		F3F054712B955B6800FFFFA1 /* SwiftDataStore.swift */ = {isa = PBXFileReference; lastKnownFileType = sourcecode.swift; path = SwiftDataStore.swift; sourceTree = "<group>"; };
		F3F054732B9586C200FFFFA1 /* MockDataStore.swift */ = {isa = PBXFileReference; lastKnownFileType = sourcecode.swift; path = MockDataStore.swift; sourceTree = "<group>"; };
/* End PBXFileReference section */

/* Begin PBXFrameworksBuildPhase section */
		F3257E0429F58DB100EC757F /* Frameworks */ = {
			isa = PBXFrameworksBuildPhase;
			buildActionMask = 2147483647;
			files = (
				F370F7F12B8AE0F800FF8A73 /* OpenAISwift in Frameworks */,
			);
			runOnlyForDeploymentPostprocessing = 0;
		};
/* End PBXFrameworksBuildPhase section */

/* Begin PBXGroup section */
		F3257DFE29F58DB100EC757F = {
			isa = PBXGroup;
			children = (
				F3257E0929F58DB100EC757F /* OmniDex */,
				F3257E0829F58DB100EC757F /* Products */,
			);
			sourceTree = "<group>";
		};
		F3257E0829F58DB100EC757F /* Products */ = {
			isa = PBXGroup;
			children = (
				F3257E0729F58DB100EC757F /* OmniDex.app */,
			);
			name = Products;
			sourceTree = "<group>";
		};
		F3257E0929F58DB100EC757F /* OmniDex */ = {
			isa = PBXGroup;
			children = (
				F3257E0E29F58DB200EC757F /* Assets.xcassets */,
				F3257E0A29F58DB100EC757F /* OmniDexApp.swift */,
				F36C94FF2B951322007DCAB1 /* ServiceProvider.swift */,
				F36C952B2B953C61007DCAB1 /* Data Store */,
				F3257E2E29F5A51D00EC757F /* Features */,
				F370F7F22B8AE67300FF8A73 /* Util */,
				F380E63E2B7857AC007456D3 /* Mock */,
				F3257E1029F58DB200EC757F /* Preview Content */,
			);
			path = OmniDex;
			sourceTree = "<group>";
		};
		F3257E1029F58DB200EC757F /* Preview Content */ = {
			isa = PBXGroup;
			children = (
				F3257E1129F58DB200EC757F /* Preview Assets.xcassets */,
			);
			path = "Preview Content";
			sourceTree = "<group>";
		};
		F3257E2E29F5A51D00EC757F /* Features */ = {
			isa = PBXGroup;
			children = (
				F38FE43E2B8D74BD0043B3BB /* Root */,
				F37120022B78229F0096A084 /* Chat */,
				F38FE4412B8D76300043B3BB /* Translate */,
				F38FE4422B8D763D0043B3BB /* Imagine */,
				F38FE4432B8D76440043B3BB /* Summarize */,
				F35635FE29F5DB530099CC30 /* Common */,
			);
			path = Features;
			sourceTree = "<group>";
		};
		F347C7D82B8312C300DC2FF2 /* New Conversation */ = {
			isa = PBXGroup;
			children = (
				F3E31AC02B8BE54900BD6335 /* MessageChunk.swift */,
				F307672A29F5C4AE00B93286 /* Message.swift */,
				F3B3585E2B7985E100E2FA3F /* Input */,
				F3B3585F2B79860300E2FA3F /* Messages */,
			);
			path = "New Conversation";
			sourceTree = "<group>";
		};
		F35635FE29F5DB530099CC30 /* Common */ = {
			isa = PBXGroup;
			children = (
				F3711FEC2B77DFF90096A084 /* MaskedCornerShape.swift */,
				F3711FEE2B77E6AB0096A084 /* ErrorItem.swift */,
				F3AC33852B98093700B27452 /* ErrorItemAlertViewModifer.swift */,
				F37120032B7829120096A084 /* KeyboardDismissableScrollView.swift */,
				F3BD5E522B789CE400D63E0F /* FlipGroup.swift */,
				F3B358502B79571D00E2FA3F /* ImagePicker.swift */,
				F35635FF29F5DB640099CC30 /* Constants.swift */,
				F3B3585A2B79778600E2FA3F /* UIImage+Resize.swift */,
				F3B85DBD2B798F0800B2564C /* UIImage+Base64.swift */,
			);
			path = Common;
			sourceTree = "<group>";
		};
		F36C952B2B953C61007DCAB1 /* Data Store */ = {
			isa = PBXGroup;
			children = (
				F36C95292B953C24007DCAB1 /* StoredMessage.swift */,
				F36C95272B953BF9007DCAB1 /* StoredConversation.swift */,
				F32A5EBB2B9541040037546F /* ConversationStore.swift */,
				F3F054712B955B6800FFFFA1 /* SwiftDataStore.swift */,
			);
			path = "Data Store";
			sourceTree = "<group>";
		};
		F370F7F22B8AE67300FF8A73 /* Util */ = {
			isa = PBXGroup;
			children = (
				F30251DB2B7B2B2A0092F27D /* Secrets.swift */,
			);
			path = Util;
			sourceTree = "<group>";
		};
		F37120022B78229F0096A084 /* Chat */ = {
			isa = PBXGroup;
			children = (
				F380E6372B784B7E007456D3 /* ChatService.swift */,
				F33E3A0D2B7DAB3C00AD0642 /* Conversation.swift */,
				F39F04572B9023E100E620CE /* Conversation List */,
				F347C7D82B8312C300DC2FF2 /* New Conversation */,
			);
			path = Chat;
			sourceTree = "<group>";
		};
		F380E63E2B7857AC007456D3 /* Mock */ = {
			isa = PBXGroup;
			children = (
				F36C95252B951EBB007DCAB1 /* Mock.swift */,
				F380E6432B785C53007456D3 /* MockConstants.swift */,
				F380E63F2B7859C0007456D3 /* MockChatService.swift */,
				F3F054732B9586C200FFFFA1 /* MockDataStore.swift */,
			);
			path = Mock;
			sourceTree = "<group>";
		};
		F38FE43E2B8D74BD0043B3BB /* Root */ = {
			isa = PBXGroup;
			children = (
				F38FE43F2B8D75440043B3BB /* MainTabView.swift */,
			);
			path = Root;
			sourceTree = "<group>";
		};
		F38FE4412B8D76300043B3BB /* Translate */ = {
			isa = PBXGroup;
			children = (
				F38FE4442B8D766F0043B3BB /* TranslateView.swift */,
			);
			path = Translate;
			sourceTree = "<group>";
		};
		F38FE4422B8D763D0043B3BB /* Imagine */ = {
			isa = PBXGroup;
			children = (
				F38FE4462B8D76810043B3BB /* ImagineView.swift */,
			);
			path = Imagine;
			sourceTree = "<group>";
		};
		F38FE4432B8D76440043B3BB /* Summarize */ = {
			isa = PBXGroup;
			children = (
				F38FE4482B8D76B00043B3BB /* SummarizeView.swift */,
			);
			path = Summarize;
			sourceTree = "<group>";
		};
		F39F04572B9023E100E620CE /* Conversation List */ = {
			isa = PBXGroup;
			children = (
				F39F04552B90221400E620CE /* ConversationListView.swift */,
				F39F04582B90243600E620CE /* ConversationListRow.swift */,
			);
			path = "Conversation List";
			sourceTree = "<group>";
		};
		F3B3585E2B7985E100E2FA3F /* Input */ = {
			isa = PBXGroup;
			children = (
				F33E3A0F2B7DAD7700AD0642 /* ConversationView.swift */,
				F3B358542B79590300E2FA3F /* ImagePickerButton.swift */,
				F3B358562B795D4000E2FA3F /* ImagePreviewView.swift */,
				F3B358582B7968DF00E2FA3F /* ConversationInputBar.swift */,
			);
			path = Input;
			sourceTree = "<group>";
		};
		F3B3585F2B79860300E2FA3F /* Messages */ = {
			isa = PBXGroup;
			children = (
				F37120072B7833F70096A084 /* MessageListView.swift */,
				F3257E3129F5A5C500EC757F /* MessageView.swift */,
				F3B358602B798A5C00E2FA3F /* MessageStyle.swift */,
				F380E6472B786A70007456D3 /* MessageTextBubble.swift */,
				F3B3585C2B79831400E2FA3F /* MessageImageBubble.swift */,
				F380E6452B78697F007456D3 /* UserPictureCircle.swift */,
				F3257E3329F5A7AB00EC757F /* EllipsesLoadingView.swift */,
				F3257E3529F5B10F00EC757F /* PulsingCircleView.swift */,
			);
			path = Messages;
			sourceTree = "<group>";
		};
/* End PBXGroup section */

/* Begin PBXNativeTarget section */
		F3257E0629F58DB100EC757F /* OmniDex */ = {
			isa = PBXNativeTarget;
			buildConfigurationList = F3257E1529F58DB200EC757F /* Build configuration list for PBXNativeTarget "OmniDex" */;
			buildPhases = (
				F3257E0329F58DB100EC757F /* Sources */,
				F3257E0429F58DB100EC757F /* Frameworks */,
				F3257E0529F58DB100EC757F /* Resources */,
				F30766F329F5C26400B93286 /* Embed Frameworks */,
			);
			buildRules = (
			);
			dependencies = (
			);
			name = OmniDex;
			packageProductDependencies = (
				F370F7F02B8AE0F800FF8A73 /* OpenAISwift */,
			);
			productName = OmniAI;
			productReference = F3257E0729F58DB100EC757F /* OmniDex.app */;
			productType = "com.apple.product-type.application";
		};
/* End PBXNativeTarget section */

/* Begin PBXProject section */
		F3257DFF29F58DB100EC757F /* Project object */ = {
			isa = PBXProject;
			attributes = {
				BuildIndependentTargetsInParallel = 1;
				LastSwiftUpdateCheck = 1430;
				LastUpgradeCheck = 1430;
				TargetAttributes = {
					F3257E0629F58DB100EC757F = {
						CreatedOnToolsVersion = 14.3;
					};
				};
			};
			buildConfigurationList = F3257E0229F58DB100EC757F /* Build configuration list for PBXProject "OmniDex" */;
			compatibilityVersion = "Xcode 14.0";
			developmentRegion = en;
			hasScannedForEncodings = 0;
			knownRegions = (
				en,
				Base,
			);
			mainGroup = F3257DFE29F58DB100EC757F;
			packageReferences = (
				F370F7EF2B8AE0F800FF8A73 /* XCRemoteSwiftPackageReference "OpenAISwift" */,
			);
			productRefGroup = F3257E0829F58DB100EC757F /* Products */;
			projectDirPath = "";
			projectRoot = "";
			targets = (
				F3257E0629F58DB100EC757F /* OmniDex */,
			);
		};
/* End PBXProject section */

/* Begin PBXResourcesBuildPhase section */
		F3257E0529F58DB100EC757F /* Resources */ = {
			isa = PBXResourcesBuildPhase;
			buildActionMask = 2147483647;
			files = (
				F3257E1229F58DB200EC757F /* Preview Assets.xcassets in Resources */,
				F3257E0F29F58DB200EC757F /* Assets.xcassets in Resources */,
			);
			runOnlyForDeploymentPostprocessing = 0;
		};
/* End PBXResourcesBuildPhase section */

/* Begin PBXSourcesBuildPhase section */
		F3257E0329F58DB100EC757F /* Sources */ = {
			isa = PBXSourcesBuildPhase;
			buildActionMask = 2147483647;
			files = (
				F31EB1ED2B82E10C00164B9A /* Secrets.swift in Sources */,
				F38FE4472B8D76810043B3BB /* ImagineView.swift in Sources */,
				F39F04592B90243600E620CE /* ConversationListRow.swift in Sources */,
				F3AC33862B98093700B27452 /* ErrorItemAlertViewModifer.swift in Sources */,
				F380E6442B785C53007456D3 /* MockConstants.swift in Sources */,
				F3F054742B9586C200FFFFA1 /* MockDataStore.swift in Sources */,
				F3B358512B79571D00E2FA3F /* ImagePicker.swift in Sources */,
				F38FE4492B8D76B00043B3BB /* SummarizeView.swift in Sources */,
				F3711FEF2B77E6AB0096A084 /* ErrorItem.swift in Sources */,
				F37120042B7829120096A084 /* KeyboardDismissableScrollView.swift in Sources */,
				F36C952A2B953C24007DCAB1 /* StoredMessage.swift in Sources */,
				F380E6482B786A70007456D3 /* MessageTextBubble.swift in Sources */,
				F307672B29F5C4AE00B93286 /* Message.swift in Sources */,
				F3F054722B955B6800FFFFA1 /* SwiftDataStore.swift in Sources */,
				F3E31AC12B8BE54900BD6335 /* MessageChunk.swift in Sources */,
				F36C95002B951322007DCAB1 /* ServiceProvider.swift in Sources */,
				F32A5EBC2B9541040037546F /* ConversationStore.swift in Sources */,
				F36C95282B953BF9007DCAB1 /* StoredConversation.swift in Sources */,
				F3B358612B798A5C00E2FA3F /* MessageStyle.swift in Sources */,
				F38FE4402B8D75440043B3BB /* MainTabView.swift in Sources */,
				F3B85DBE2B798F0800B2564C /* UIImage+Base64.swift in Sources */,
				F33E3A0E2B7DAB3C00AD0642 /* Conversation.swift in Sources */,
				F380E6382B784B7E007456D3 /* ChatService.swift in Sources */,
				F380E6462B78697F007456D3 /* UserPictureCircle.swift in Sources */,
				F3B358592B7968DF00E2FA3F /* ConversationInputBar.swift in Sources */,
				F3257E3629F5B10F00EC757F /* PulsingCircleView.swift in Sources */,
				F33E3A102B7DAD7700AD0642 /* ConversationView.swift in Sources */,
				F3B3585B2B79778600E2FA3F /* UIImage+Resize.swift in Sources */,
				F3B3585D2B79831400E2FA3F /* MessageImageBubble.swift in Sources */,
				F380E6402B7859C0007456D3 /* MockChatService.swift in Sources */,
				F37120082B7833F70096A084 /* MessageListView.swift in Sources */,
				F38FE4452B8D766F0043B3BB /* TranslateView.swift in Sources */,
				F39F04562B90221400E620CE /* ConversationListView.swift in Sources */,
				F3B358572B795D4000E2FA3F /* ImagePreviewView.swift in Sources */,
				F356360029F5DB640099CC30 /* Constants.swift in Sources */,
				F3BD5E532B789CE400D63E0F /* FlipGroup.swift in Sources */,
				F36C95262B951EBB007DCAB1 /* Mock.swift in Sources */,
				F3257E3429F5A7AB00EC757F /* EllipsesLoadingView.swift in Sources */,
				F3B358552B79590300E2FA3F /* ImagePickerButton.swift in Sources */,
				F3257E0B29F58DB100EC757F /* OmniDexApp.swift in Sources */,
				F3711FED2B77DFF90096A084 /* MaskedCornerShape.swift in Sources */,
				F3257E3229F5A5C500EC757F /* MessageView.swift in Sources */,
			);
			runOnlyForDeploymentPostprocessing = 0;
		};
/* End PBXSourcesBuildPhase section */

/* Begin XCBuildConfiguration section */
		F3257E1329F58DB200EC757F /* Debug */ = {
			isa = XCBuildConfiguration;
			buildSettings = {
				ALWAYS_SEARCH_USER_PATHS = NO;
				CLANG_ANALYZER_NONNULL = YES;
				CLANG_ANALYZER_NUMBER_OBJECT_CONVERSION = YES_AGGRESSIVE;
				CLANG_CXX_LANGUAGE_STANDARD = "gnu++20";
				CLANG_ENABLE_MODULES = YES;
				CLANG_ENABLE_OBJC_ARC = YES;
				CLANG_ENABLE_OBJC_WEAK = YES;
				CLANG_WARN_BLOCK_CAPTURE_AUTORELEASING = YES;
				CLANG_WARN_BOOL_CONVERSION = YES;
				CLANG_WARN_COMMA = YES;
				CLANG_WARN_CONSTANT_CONVERSION = YES;
				CLANG_WARN_DEPRECATED_OBJC_IMPLEMENTATIONS = YES;
				CLANG_WARN_DIRECT_OBJC_ISA_USAGE = YES_ERROR;
				CLANG_WARN_DOCUMENTATION_COMMENTS = YES;
				CLANG_WARN_EMPTY_BODY = YES;
				CLANG_WARN_ENUM_CONVERSION = YES;
				CLANG_WARN_INFINITE_RECURSION = YES;
				CLANG_WARN_INT_CONVERSION = YES;
				CLANG_WARN_NON_LITERAL_NULL_CONVERSION = YES;
				CLANG_WARN_OBJC_IMPLICIT_RETAIN_SELF = YES;
				CLANG_WARN_OBJC_LITERAL_CONVERSION = YES;
				CLANG_WARN_OBJC_ROOT_CLASS = YES_ERROR;
				CLANG_WARN_QUOTED_INCLUDE_IN_FRAMEWORK_HEADER = YES;
				CLANG_WARN_RANGE_LOOP_ANALYSIS = YES;
				CLANG_WARN_STRICT_PROTOTYPES = YES;
				CLANG_WARN_SUSPICIOUS_MOVE = YES;
				CLANG_WARN_UNGUARDED_AVAILABILITY = YES_AGGRESSIVE;
				CLANG_WARN_UNREACHABLE_CODE = YES;
				CLANG_WARN__DUPLICATE_METHOD_MATCH = YES;
				COPY_PHASE_STRIP = NO;
				DEBUG_INFORMATION_FORMAT = dwarf;
				ENABLE_STRICT_OBJC_MSGSEND = YES;
				ENABLE_TESTABILITY = YES;
				GCC_C_LANGUAGE_STANDARD = gnu11;
				GCC_DYNAMIC_NO_PIC = NO;
				GCC_NO_COMMON_BLOCKS = YES;
				GCC_OPTIMIZATION_LEVEL = 0;
				GCC_PREPROCESSOR_DEFINITIONS = (
					"DEBUG=1",
					"$(inherited)",
				);
				GCC_WARN_64_TO_32_BIT_CONVERSION = YES;
				GCC_WARN_ABOUT_RETURN_TYPE = YES_ERROR;
				GCC_WARN_UNDECLARED_SELECTOR = YES;
				GCC_WARN_UNINITIALIZED_AUTOS = YES_AGGRESSIVE;
				GCC_WARN_UNUSED_FUNCTION = YES;
				GCC_WARN_UNUSED_VARIABLE = YES;
				INFOPLIST_FILE = OmniDex/info.plist;
				IPHONEOS_DEPLOYMENT_TARGET = 16.4;
				MTL_ENABLE_DEBUG_INFO = INCLUDE_SOURCE;
				MTL_FAST_MATH = YES;
				ONLY_ACTIVE_ARCH = YES;
				PRODUCT_BUNDLE_IDENTIFIER = com.claysuttner.omnidex;
				PRODUCT_NAME = OmniDex;
				SDKROOT = iphoneos;
				SWIFT_ACTIVE_COMPILATION_CONDITIONS = DEBUG;
				SWIFT_OPTIMIZATION_LEVEL = "-Onone";
			};
			name = Debug;
		};
		F3257E1429F58DB200EC757F /* Release */ = {
			isa = XCBuildConfiguration;
			buildSettings = {
				ALWAYS_SEARCH_USER_PATHS = NO;
				CLANG_ANALYZER_NONNULL = YES;
				CLANG_ANALYZER_NUMBER_OBJECT_CONVERSION = YES_AGGRESSIVE;
				CLANG_CXX_LANGUAGE_STANDARD = "gnu++20";
				CLANG_ENABLE_MODULES = YES;
				CLANG_ENABLE_OBJC_ARC = YES;
				CLANG_ENABLE_OBJC_WEAK = YES;
				CLANG_WARN_BLOCK_CAPTURE_AUTORELEASING = YES;
				CLANG_WARN_BOOL_CONVERSION = YES;
				CLANG_WARN_COMMA = YES;
				CLANG_WARN_CONSTANT_CONVERSION = YES;
				CLANG_WARN_DEPRECATED_OBJC_IMPLEMENTATIONS = YES;
				CLANG_WARN_DIRECT_OBJC_ISA_USAGE = YES_ERROR;
				CLANG_WARN_DOCUMENTATION_COMMENTS = YES;
				CLANG_WARN_EMPTY_BODY = YES;
				CLANG_WARN_ENUM_CONVERSION = YES;
				CLANG_WARN_INFINITE_RECURSION = YES;
				CLANG_WARN_INT_CONVERSION = YES;
				CLANG_WARN_NON_LITERAL_NULL_CONVERSION = YES;
				CLANG_WARN_OBJC_IMPLICIT_RETAIN_SELF = YES;
				CLANG_WARN_OBJC_LITERAL_CONVERSION = YES;
				CLANG_WARN_OBJC_ROOT_CLASS = YES_ERROR;
				CLANG_WARN_QUOTED_INCLUDE_IN_FRAMEWORK_HEADER = YES;
				CLANG_WARN_RANGE_LOOP_ANALYSIS = YES;
				CLANG_WARN_STRICT_PROTOTYPES = YES;
				CLANG_WARN_SUSPICIOUS_MOVE = YES;
				CLANG_WARN_UNGUARDED_AVAILABILITY = YES_AGGRESSIVE;
				CLANG_WARN_UNREACHABLE_CODE = YES;
				CLANG_WARN__DUPLICATE_METHOD_MATCH = YES;
				COPY_PHASE_STRIP = NO;
				DEBUG_INFORMATION_FORMAT = "dwarf-with-dsym";
				ENABLE_NS_ASSERTIONS = NO;
				ENABLE_STRICT_OBJC_MSGSEND = YES;
				GCC_C_LANGUAGE_STANDARD = gnu11;
				GCC_NO_COMMON_BLOCKS = YES;
				GCC_WARN_64_TO_32_BIT_CONVERSION = YES;
				GCC_WARN_ABOUT_RETURN_TYPE = YES_ERROR;
				GCC_WARN_UNDECLARED_SELECTOR = YES;
				GCC_WARN_UNINITIALIZED_AUTOS = YES_AGGRESSIVE;
				GCC_WARN_UNUSED_FUNCTION = YES;
				GCC_WARN_UNUSED_VARIABLE = YES;
				INFOPLIST_FILE = OmniDex/info.plist;
				IPHONEOS_DEPLOYMENT_TARGET = 16.4;
				MTL_ENABLE_DEBUG_INFO = NO;
				MTL_FAST_MATH = YES;
				PRODUCT_BUNDLE_IDENTIFIER = com.claysuttner.omnidex;
				PRODUCT_NAME = OmniDex;
				SDKROOT = iphoneos;
				SWIFT_COMPILATION_MODE = wholemodule;
				SWIFT_OPTIMIZATION_LEVEL = "-O";
				VALIDATE_PRODUCT = YES;
			};
			name = Release;
		};
		F3257E1629F58DB200EC757F /* Debug */ = {
			isa = XCBuildConfiguration;
			buildSettings = {
				ALWAYS_EMBED_SWIFT_STANDARD_LIBRARIES = YES;
				ASSETCATALOG_COMPILER_APPICON_NAME = AppIcon;
				ASSETCATALOG_COMPILER_GLOBAL_ACCENT_COLOR_NAME = AccentColor;
				CODE_SIGN_IDENTITY = "Apple Development";
				"CODE_SIGN_IDENTITY[sdk=iphoneos*]" = "iPhone Developer";
				CODE_SIGN_STYLE = Manual;
				CURRENT_PROJECT_VERSION = 9;
				DEVELOPMENT_ASSET_PATHS = "\"OmniDex/Preview Content\"";
				DEVELOPMENT_TEAM = "";
				"DEVELOPMENT_TEAM[sdk=iphoneos*]" = DFVB576FM8;
				ENABLE_PREVIEWS = YES;
				GENERATE_INFOPLIST_FILE = YES;
				INFOPLIST_KEY_NSCameraUsageDescription = "Allow use of camera for taking photos.";
				INFOPLIST_KEY_UIApplicationSceneManifest_Generation = YES;
				INFOPLIST_KEY_UIApplicationSupportsIndirectInputEvents = YES;
				INFOPLIST_KEY_UILaunchScreen_Generation = YES;
				INFOPLIST_KEY_UISupportedInterfaceOrientations_iPad = "UIInterfaceOrientationPortrait UIInterfaceOrientationPortraitUpsideDown UIInterfaceOrientationLandscapeLeft UIInterfaceOrientationLandscapeRight";
				INFOPLIST_KEY_UISupportedInterfaceOrientations_iPhone = "UIInterfaceOrientationPortrait UIInterfaceOrientationLandscapeLeft UIInterfaceOrientationLandscapeRight";
				IPHONEOS_DEPLOYMENT_TARGET = 17;
				LD_RUNPATH_SEARCH_PATHS = (
					"$(inherited)",
					"@executable_path/Frameworks",
				);
				MARKETING_VERSION = 1.0;
				PRODUCT_BUNDLE_IDENTIFIER = com.claysuttner.omnidex;
				PRODUCT_NAME = "$(TARGET_NAME)";
				PROVISIONING_PROFILE_SPECIFIER = "";
				"PROVISIONING_PROFILE_SPECIFIER[sdk=iphoneos*]" = "match Development com.claysuttner.omnidex";
				SWIFT_EMIT_LOC_STRINGS = YES;
				SWIFT_VERSION = 5.0;
				TARGETED_DEVICE_FAMILY = "1,2";
			};
			name = Debug;
		};
		F3257E1729F58DB200EC757F /* Release */ = {
			isa = XCBuildConfiguration;
			buildSettings = {
				ALWAYS_EMBED_SWIFT_STANDARD_LIBRARIES = YES;
				ASSETCATALOG_COMPILER_APPICON_NAME = AppIcon;
				ASSETCATALOG_COMPILER_GLOBAL_ACCENT_COLOR_NAME = AccentColor;
				"CODE_SIGN_IDENTITY[sdk=iphoneos*]" = "iPhone Distribution";
				CODE_SIGN_STYLE = Manual;
				CURRENT_PROJECT_VERSION = 9;
				DEVELOPMENT_ASSET_PATHS = "\"OmniDex/Preview Content\"";
				DEVELOPMENT_TEAM = "";
				"DEVELOPMENT_TEAM[sdk=iphoneos*]" = DFVB576FM8;
				ENABLE_PREVIEWS = YES;
				GENERATE_INFOPLIST_FILE = YES;
				INFOPLIST_KEY_NSCameraUsageDescription = "Allow use of camera for taking photos.";
				INFOPLIST_KEY_UIApplicationSceneManifest_Generation = YES;
				INFOPLIST_KEY_UIApplicationSupportsIndirectInputEvents = YES;
				INFOPLIST_KEY_UILaunchScreen_Generation = YES;
				INFOPLIST_KEY_UISupportedInterfaceOrientations_iPad = "UIInterfaceOrientationPortrait UIInterfaceOrientationPortraitUpsideDown UIInterfaceOrientationLandscapeLeft UIInterfaceOrientationLandscapeRight";
				INFOPLIST_KEY_UISupportedInterfaceOrientations_iPhone = "UIInterfaceOrientationPortrait UIInterfaceOrientationLandscapeLeft UIInterfaceOrientationLandscapeRight";
				IPHONEOS_DEPLOYMENT_TARGET = 17;
				LD_RUNPATH_SEARCH_PATHS = (
					"$(inherited)",
					"@executable_path/Frameworks",
				);
				MARKETING_VERSION = 1.0;
				PRODUCT_BUNDLE_IDENTIFIER = com.claysuttner.omnidex;
				PRODUCT_NAME = "$(TARGET_NAME)";
				PROVISIONING_PROFILE_SPECIFIER = "";
				"PROVISIONING_PROFILE_SPECIFIER[sdk=iphoneos*]" = "match AppStore com.claysuttner.omnidex";
				SWIFT_EMIT_LOC_STRINGS = YES;
				SWIFT_VERSION = 5.0;
				TARGETED_DEVICE_FAMILY = "1,2";
			};
			name = Release;
		};
/* End XCBuildConfiguration section */

/* Begin XCConfigurationList section */
		F3257E0229F58DB100EC757F /* Build configuration list for PBXProject "OmniDex" */ = {
			isa = XCConfigurationList;
			buildConfigurations = (
				F3257E1329F58DB200EC757F /* Debug */,
				F3257E1429F58DB200EC757F /* Release */,
			);
			defaultConfigurationIsVisible = 0;
			defaultConfigurationName = Release;
		};
		F3257E1529F58DB200EC757F /* Build configuration list for PBXNativeTarget "OmniDex" */ = {
			isa = XCConfigurationList;
			buildConfigurations = (
				F3257E1629F58DB200EC757F /* Debug */,
				F3257E1729F58DB200EC757F /* Release */,
			);
			defaultConfigurationIsVisible = 0;
			defaultConfigurationName = Release;
		};
/* End XCConfigurationList section */

/* Begin XCRemoteSwiftPackageReference section */
		F370F7EF2B8AE0F800FF8A73 /* XCRemoteSwiftPackageReference "OpenAISwift" */ = {
			isa = XCRemoteSwiftPackageReference;
			repositoryURL = "https://github.com/csuttner/OpenAISwift";
			requirement = {
				kind = upToNextMajorVersion;
				minimumVersion = 1.0.0;
			};
		};
/* End XCRemoteSwiftPackageReference section */

/* Begin XCSwiftPackageProductDependency section */
		F370F7F02B8AE0F800FF8A73 /* OpenAISwift */ = {
			isa = XCSwiftPackageProductDependency;
			package = F370F7EF2B8AE0F800FF8A73 /* XCRemoteSwiftPackageReference "OpenAISwift" */;
			productName = OpenAISwift;
		};
/* End XCSwiftPackageProductDependency section */
	};
	rootObject = F3257DFF29F58DB100EC757F /* Project object */;
}
